// !$*UTF8*$!
{
	archiveVersion = 1;
	classes = {
	};
	objectVersion = 46;
	objects = {

/* Begin PBXBuildFile section */
		47D743F61A8E17DD006235A6 /* Box2D.framework in Frameworks */ = {isa = PBXBuildFile; fileRef = 47F39B141A8E0D500011E2CB /* Box2D.framework */; };
		47D743F71A8E17DD006235A6 /* Box2D.framework in Embed Frameworks */ = {isa = PBXBuildFile; fileRef = 47F39B141A8E0D500011E2CB /* Box2D.framework */; settings = {ATTRIBUTES = (CodeSignOnCopy, RemoveHeadersOnCopy, ); }; };
		47F39B1A1A8E0D500011E2CB /* Box2D.h in Headers */ = {isa = PBXBuildFile; fileRef = 47F39B191A8E0D500011E2CB /* Box2D.h */; settings = {ATTRIBUTES = (Public, ); }; };
		47F39B201A8E0D500011E2CB /* Box2D.framework in Frameworks */ = {isa = PBXBuildFile; fileRef = 47F39B141A8E0D500011E2CB /* Box2D.framework */; };
		47F39B271A8E0D500011E2CB /* Box2DTests.swift in Sources */ = {isa = PBXBuildFile; fileRef = 47F39B261A8E0D500011E2CB /* Box2DTests.swift */; };
		47F39B391A8E0D7C0011E2CB /* AppDelegate.swift in Sources */ = {isa = PBXBuildFile; fileRef = 47F39B381A8E0D7C0011E2CB /* AppDelegate.swift */; };
		47F39B401A8E0D7C0011E2CB /* Images.xcassets in Resources */ = {isa = PBXBuildFile; fileRef = 47F39B3F1A8E0D7C0011E2CB /* Images.xcassets */; };
		47F39B4F1A8E0D7C0011E2CB /* TestbedTests.swift in Sources */ = {isa = PBXBuildFile; fileRef = 47F39B4E1A8E0D7C0011E2CB /* TestbedTests.swift */; };
		47F39B8E1A8E0E2D0011E2CB /* b2BroadPhase.swift in Sources */ = {isa = PBXBuildFile; fileRef = 47F39B571A8E0E2D0011E2CB /* b2BroadPhase.swift */; };
		47F39B8F1A8E0E2D0011E2CB /* b2CollideCircles.swift in Sources */ = {isa = PBXBuildFile; fileRef = 47F39B581A8E0E2D0011E2CB /* b2CollideCircles.swift */; };
		47F39B901A8E0E2D0011E2CB /* b2CollideEdge.swift in Sources */ = {isa = PBXBuildFile; fileRef = 47F39B591A8E0E2D0011E2CB /* b2CollideEdge.swift */; };
		47F39B911A8E0E2D0011E2CB /* b2CollidePolygon.swift in Sources */ = {isa = PBXBuildFile; fileRef = 47F39B5A1A8E0E2D0011E2CB /* b2CollidePolygon.swift */; };
		47F39B921A8E0E2D0011E2CB /* b2Collision.swift in Sources */ = {isa = PBXBuildFile; fileRef = 47F39B5B1A8E0E2D0011E2CB /* b2Collision.swift */; };
		47F39B931A8E0E2D0011E2CB /* b2Distance.swift in Sources */ = {isa = PBXBuildFile; fileRef = 47F39B5C1A8E0E2D0011E2CB /* b2Distance.swift */; };
		47F39B941A8E0E2D0011E2CB /* b2DynamicTree.swift in Sources */ = {isa = PBXBuildFile; fileRef = 47F39B5D1A8E0E2D0011E2CB /* b2DynamicTree.swift */; };
		47F39B951A8E0E2D0011E2CB /* b2TimeOfImpact.swift in Sources */ = {isa = PBXBuildFile; fileRef = 47F39B5E1A8E0E2D0011E2CB /* b2TimeOfImpact.swift */; };
		47F39B961A8E0E2D0011E2CB /* b2ChainShape.swift in Sources */ = {isa = PBXBuildFile; fileRef = 47F39B601A8E0E2D0011E2CB /* b2ChainShape.swift */; };
		47F39B971A8E0E2D0011E2CB /* b2CircleShape.swift in Sources */ = {isa = PBXBuildFile; fileRef = 47F39B611A8E0E2D0011E2CB /* b2CircleShape.swift */; };
		47F39B981A8E0E2D0011E2CB /* b2EdgeShape.swift in Sources */ = {isa = PBXBuildFile; fileRef = 47F39B621A8E0E2D0011E2CB /* b2EdgeShape.swift */; };
		47F39B991A8E0E2D0011E2CB /* b2PolygonShape.swift in Sources */ = {isa = PBXBuildFile; fileRef = 47F39B631A8E0E2D0011E2CB /* b2PolygonShape.swift */; };
		47F39B9A1A8E0E2D0011E2CB /* b2Shape.swift in Sources */ = {isa = PBXBuildFile; fileRef = 47F39B641A8E0E2D0011E2CB /* b2Shape.swift */; };
		47F39B9B1A8E0E2D0011E2CB /* b2Common.swift in Sources */ = {isa = PBXBuildFile; fileRef = 47F39B661A8E0E2D0011E2CB /* b2Common.swift */; };
		47F39B9C1A8E0E2D0011E2CB /* b2Draw.swift in Sources */ = {isa = PBXBuildFile; fileRef = 47F39B671A8E0E2D0011E2CB /* b2Draw.swift */; };
		47F39B9D1A8E0E2D0011E2CB /* b2GrowableStack.swift in Sources */ = {isa = PBXBuildFile; fileRef = 47F39B681A8E0E2D0011E2CB /* b2GrowableStack.swift */; };
		47F39B9E1A8E0E2D0011E2CB /* b2Math.swift in Sources */ = {isa = PBXBuildFile; fileRef = 47F39B691A8E0E2D0011E2CB /* b2Math.swift */; };
		47F39B9F1A8E0E2D0011E2CB /* b2Settings.swift in Sources */ = {isa = PBXBuildFile; fileRef = 47F39B6A1A8E0E2D0011E2CB /* b2Settings.swift */; };
		47F39BA01A8E0E2D0011E2CB /* b2Timer.swift in Sources */ = {isa = PBXBuildFile; fileRef = 47F39B6B1A8E0E2D0011E2CB /* b2Timer.swift */; };
		47F39BA11A8E0E2D0011E2CB /* b2Wrappers.swift in Sources */ = {isa = PBXBuildFile; fileRef = 47F39B6C1A8E0E2D0011E2CB /* b2Wrappers.swift */; };
		47F39BA21A8E0E2D0011E2CB /* b2Body.swift in Sources */ = {isa = PBXBuildFile; fileRef = 47F39B6E1A8E0E2D0011E2CB /* b2Body.swift */; };
		47F39BA31A8E0E2D0011E2CB /* b2ContactManager.swift in Sources */ = {isa = PBXBuildFile; fileRef = 47F39B6F1A8E0E2D0011E2CB /* b2ContactManager.swift */; };
		47F39BA41A8E0E2D0011E2CB /* b2Fixture.swift in Sources */ = {isa = PBXBuildFile; fileRef = 47F39B701A8E0E2D0011E2CB /* b2Fixture.swift */; };
		47F39BA51A8E0E2D0011E2CB /* b2Island.swift in Sources */ = {isa = PBXBuildFile; fileRef = 47F39B711A8E0E2D0011E2CB /* b2Island.swift */; };
		47F39BA61A8E0E2D0011E2CB /* b2TimeStep.swift in Sources */ = {isa = PBXBuildFile; fileRef = 47F39B721A8E0E2D0011E2CB /* b2TimeStep.swift */; };
		47F39BA71A8E0E2D0011E2CB /* b2World.swift in Sources */ = {isa = PBXBuildFile; fileRef = 47F39B731A8E0E2D0011E2CB /* b2World.swift */; };
		47F39BA81A8E0E2D0011E2CB /* b2WorldCallbacks.swift in Sources */ = {isa = PBXBuildFile; fileRef = 47F39B741A8E0E2D0011E2CB /* b2WorldCallbacks.swift */; };
		47F39BA91A8E0E2D0011E2CB /* b2ChainAndCircleContact.swift in Sources */ = {isa = PBXBuildFile; fileRef = 47F39B761A8E0E2D0011E2CB /* b2ChainAndCircleContact.swift */; };
		47F39BAA1A8E0E2D0011E2CB /* b2ChainAndPolygonContact.swift in Sources */ = {isa = PBXBuildFile; fileRef = 47F39B771A8E0E2D0011E2CB /* b2ChainAndPolygonContact.swift */; };
		47F39BAB1A8E0E2D0011E2CB /* b2CircleContact.swift in Sources */ = {isa = PBXBuildFile; fileRef = 47F39B781A8E0E2D0011E2CB /* b2CircleContact.swift */; };
		47F39BAC1A8E0E2D0011E2CB /* b2Contact.swift in Sources */ = {isa = PBXBuildFile; fileRef = 47F39B791A8E0E2D0011E2CB /* b2Contact.swift */; };
		47F39BAD1A8E0E2D0011E2CB /* b2ContactSolver.swift in Sources */ = {isa = PBXBuildFile; fileRef = 47F39B7A1A8E0E2D0011E2CB /* b2ContactSolver.swift */; };
		47F39BAE1A8E0E2D0011E2CB /* b2EdgeAndCircleContact.swift in Sources */ = {isa = PBXBuildFile; fileRef = 47F39B7B1A8E0E2D0011E2CB /* b2EdgeAndCircleContact.swift */; };
		47F39BAF1A8E0E2D0011E2CB /* b2EdgeAndPolygonContact.swift in Sources */ = {isa = PBXBuildFile; fileRef = 47F39B7C1A8E0E2D0011E2CB /* b2EdgeAndPolygonContact.swift */; };
		47F39BB01A8E0E2D0011E2CB /* b2PolygonAndCircleContact.swift in Sources */ = {isa = PBXBuildFile; fileRef = 47F39B7D1A8E0E2D0011E2CB /* b2PolygonAndCircleContact.swift */; };
		47F39BB11A8E0E2D0011E2CB /* b2PolygonContact.swift in Sources */ = {isa = PBXBuildFile; fileRef = 47F39B7E1A8E0E2D0011E2CB /* b2PolygonContact.swift */; };
		47F39BB21A8E0E2D0011E2CB /* b2DistanceJoint.swift in Sources */ = {isa = PBXBuildFile; fileRef = 47F39B801A8E0E2D0011E2CB /* b2DistanceJoint.swift */; };
		47F39BB31A8E0E2D0011E2CB /* b2FrictionJoint.swift in Sources */ = {isa = PBXBuildFile; fileRef = 47F39B811A8E0E2D0011E2CB /* b2FrictionJoint.swift */; };
		47F39BB41A8E0E2D0011E2CB /* b2GearJoint.swift in Sources */ = {isa = PBXBuildFile; fileRef = 47F39B821A8E0E2D0011E2CB /* b2GearJoint.swift */; };
		47F39BB51A8E0E2D0011E2CB /* b2Joint.swift in Sources */ = {isa = PBXBuildFile; fileRef = 47F39B831A8E0E2D0011E2CB /* b2Joint.swift */; };
		47F39BB61A8E0E2D0011E2CB /* b2MotorJoint.swift in Sources */ = {isa = PBXBuildFile; fileRef = 47F39B841A8E0E2D0011E2CB /* b2MotorJoint.swift */; };
		47F39BB71A8E0E2D0011E2CB /* b2MouseJoint.swift in Sources */ = {isa = PBXBuildFile; fileRef = 47F39B851A8E0E2D0011E2CB /* b2MouseJoint.swift */; };
		47F39BB81A8E0E2D0011E2CB /* b2PrismaticJoint.swift in Sources */ = {isa = PBXBuildFile; fileRef = 47F39B861A8E0E2D0011E2CB /* b2PrismaticJoint.swift */; };
		47F39BB91A8E0E2D0011E2CB /* b2PulleyJoint.swift in Sources */ = {isa = PBXBuildFile; fileRef = 47F39B871A8E0E2D0011E2CB /* b2PulleyJoint.swift */; };
		47F39BBA1A8E0E2D0011E2CB /* b2RevoluteJoint.swift in Sources */ = {isa = PBXBuildFile; fileRef = 47F39B881A8E0E2D0011E2CB /* b2RevoluteJoint.swift */; };
		47F39BBB1A8E0E2D0011E2CB /* b2RopeJoint.swift in Sources */ = {isa = PBXBuildFile; fileRef = 47F39B891A8E0E2D0011E2CB /* b2RopeJoint.swift */; };
		47F39BBC1A8E0E2D0011E2CB /* b2WeldJoint.swift in Sources */ = {isa = PBXBuildFile; fileRef = 47F39B8A1A8E0E2D0011E2CB /* b2WeldJoint.swift */; };
		47F39BBD1A8E0E2D0011E2CB /* b2WheelJoint.swift in Sources */ = {isa = PBXBuildFile; fileRef = 47F39B8B1A8E0E2D0011E2CB /* b2WheelJoint.swift */; };
		47F39BBE1A8E0E2D0011E2CB /* b2Rope.swift in Sources */ = {isa = PBXBuildFile; fileRef = 47F39B8D1A8E0E2D0011E2CB /* b2Rope.swift */; };
		47F39BFF1A8E0FF70011E2CB /* AdditionalInfoView.swift in Sources */ = {isa = PBXBuildFile; fileRef = 47F39BBF1A8E0FF70011E2CB /* AdditionalInfoView.swift */; };
		47F39C001A8E0FF70011E2CB /* BaseViewController.swift in Sources */ = {isa = PBXBuildFile; fileRef = 47F39BC01A8E0FF70011E2CB /* BaseViewController.swift */; };
		47F39C011A8E0FF70011E2CB /* BombLauncher.swift in Sources */ = {isa = PBXBuildFile; fileRef = 47F39BC11A8E0FF70011E2CB /* BombLauncher.swift */; };
		47F39C021A8E0FF70011E2CB /* Helper.swift in Sources */ = {isa = PBXBuildFile; fileRef = 47F39BC21A8E0FF70011E2CB /* Helper.swift */; };
		47F39C031A8E0FF70011E2CB /* HertzCell.xib in Resources */ = {isa = PBXBuildFile; fileRef = 47F39BC31A8E0FF70011E2CB /* HertzCell.xib */; };
		47F39C041A8E0FF70011E2CB /* InfoView.swift in Sources */ = {isa = PBXBuildFile; fileRef = 47F39BC41A8E0FF70011E2CB /* InfoView.swift */; };
		47F39C051A8E0FF70011E2CB /* IterationCell.xib in Resources */ = {isa = PBXBuildFile; fileRef = 47F39BC51A8E0FF70011E2CB /* IterationCell.xib */; };
		47F39C061A8E0FF70011E2CB /* MenuViewController.swift in Sources */ = {isa = PBXBuildFile; fileRef = 47F39BC61A8E0FF70011E2CB /* MenuViewController.swift */; };
		47F39C071A8E0FF70011E2CB /* render.fsh in Resources */ = {isa = PBXBuildFile; fileRef = 47F39BC71A8E0FF70011E2CB /* render.fsh */; };
		47F39C081A8E0FF70011E2CB /* render.vsh in Resources */ = {isa = PBXBuildFile; fileRef = 47F39BC81A8E0FF70011E2CB /* render.vsh */; };
		47F39C091A8E0FF70011E2CB /* Renderer.swift in Sources */ = {isa = PBXBuildFile; fileRef = 47F39BC91A8E0FF70011E2CB /* Renderer.swift */; };
		47F39C0A1A8E0FF70011E2CB /* RenderView.swift in Sources */ = {isa = PBXBuildFile; fileRef = 47F39BCA1A8E0FF70011E2CB /* RenderView.swift */; };
		47F39C0B1A8E0FF70011E2CB /* SettingViewController.swift in Sources */ = {isa = PBXBuildFile; fileRef = 47F39BCB1A8E0FF70011E2CB /* SettingViewController.swift */; };
		47F39C0C1A8E0FF70011E2CB /* SwitchCell.xib in Resources */ = {isa = PBXBuildFile; fileRef = 47F39BCC1A8E0FF70011E2CB /* SwitchCell.xib */; };
		47F39C0D1A8E0FF70011E2CB /* AddPairViewController.swift in Sources */ = {isa = PBXBuildFile; fileRef = 47F39BCE1A8E0FF70011E2CB /* AddPairViewController.swift */; };
		47F39C0E1A8E0FF70011E2CB /* ApplyForceViewController.swift in Sources */ = {isa = PBXBuildFile; fileRef = 47F39BCF1A8E0FF70011E2CB /* ApplyForceViewController.swift */; };
		47F39C0F1A8E0FF70011E2CB /* BodyTypesViewController.swift in Sources */ = {isa = PBXBuildFile; fileRef = 47F39BD01A8E0FF70011E2CB /* BodyTypesViewController.swift */; };
		47F39C101A8E0FF70011E2CB /* BreakableViewController.swift in Sources */ = {isa = PBXBuildFile; fileRef = 47F39BD11A8E0FF70011E2CB /* BreakableViewController.swift */; };
		47F39C111A8E0FF70011E2CB /* BridgeViewController.swift in Sources */ = {isa = PBXBuildFile; fileRef = 47F39BD21A8E0FF70011E2CB /* BridgeViewController.swift */; };
		47F39C121A8E0FF70011E2CB /* BulletTestViewController.swift in Sources */ = {isa = PBXBuildFile; fileRef = 47F39BD31A8E0FF70011E2CB /* BulletTestViewController.swift */; };
		47F39C131A8E0FF70011E2CB /* CantileverViewController.swift in Sources */ = {isa = PBXBuildFile; fileRef = 47F39BD41A8E0FF70011E2CB /* CantileverViewController.swift */; };
		47F39C141A8E0FF70011E2CB /* CarViewController.swift in Sources */ = {isa = PBXBuildFile; fileRef = 47F39BD51A8E0FF70011E2CB /* CarViewController.swift */; };
		47F39C151A8E0FF70011E2CB /* ChainViewController.swift in Sources */ = {isa = PBXBuildFile; fileRef = 47F39BD61A8E0FF70011E2CB /* ChainViewController.swift */; };
		47F39C161A8E0FF70011E2CB /* CharacterCollisionViewController.swift in Sources */ = {isa = PBXBuildFile; fileRef = 47F39BD71A8E0FF70011E2CB /* CharacterCollisionViewController.swift */; };
		47F39C171A8E0FF70011E2CB /* CollisionFilteringViewController.swift in Sources */ = {isa = PBXBuildFile; fileRef = 47F39BD81A8E0FF70011E2CB /* CollisionFilteringViewController.swift */; };
		47F39C181A8E0FF70011E2CB /* CollisionProcessingViewController.swift in Sources */ = {isa = PBXBuildFile; fileRef = 47F39BD91A8E0FF70011E2CB /* CollisionProcessingViewController.swift */; };
		47F39C191A8E0FF70011E2CB /* CompoundShapesViewController.swift in Sources */ = {isa = PBXBuildFile; fileRef = 47F39BDA1A8E0FF70011E2CB /* CompoundShapesViewController.swift */; };
		47F39C1A1A8E0FF70011E2CB /* ConfinedViewController.swift in Sources */ = {isa = PBXBuildFile; fileRef = 47F39BDB1A8E0FF70011E2CB /* ConfinedViewController.swift */; };
		47F39C1B1A8E0FF70011E2CB /* ContinuousTestViewController.swift in Sources */ = {isa = PBXBuildFile; fileRef = 47F39BDC1A8E0FF70011E2CB /* ContinuousTestViewController.swift */; };
		47F39C1C1A8E0FF70011E2CB /* ConveyorBeltViewController.swift in Sources */ = {isa = PBXBuildFile; fileRef = 47F39BDD1A8E0FF70011E2CB /* ConveyorBeltViewController.swift */; };
		47F39C1D1A8E0FF70011E2CB /* DistanceTestViewController.swift in Sources */ = {isa = PBXBuildFile; fileRef = 47F39BDE1A8E0FF70011E2CB /* DistanceTestViewController.swift */; };
		47F39C1E1A8E0FF70011E2CB /* DominosViewController.swift in Sources */ = {isa = PBXBuildFile; fileRef = 47F39BDF1A8E0FF70011E2CB /* DominosViewController.swift */; };
		47F39C1F1A8E0FF70011E2CB /* DumpShellViewController.swift in Sources */ = {isa = PBXBuildFile; fileRef = 47F39BE01A8E0FF70011E2CB /* DumpShellViewController.swift */; };
		47F39C201A8E0FF70011E2CB /* DynamicTreeTestViewController.swift in Sources */ = {isa = PBXBuildFile; fileRef = 47F39BE11A8E0FF70011E2CB /* DynamicTreeTestViewController.swift */; };
		47F39C211A8E0FF70011E2CB /* EdgeShapesViewController.swift in Sources */ = {isa = PBXBuildFile; fileRef = 47F39BE21A8E0FF70011E2CB /* EdgeShapesViewController.swift */; };
		47F39C221A8E0FF70011E2CB /* EdgeTestViewController.swift in Sources */ = {isa = PBXBuildFile; fileRef = 47F39BE31A8E0FF70011E2CB /* EdgeTestViewController.swift */; };
		47F39C231A8E0FF70011E2CB /* GearViewController.swift in Sources */ = {isa = PBXBuildFile; fileRef = 47F39BE41A8E0FF70011E2CB /* GearViewController.swift */; };
		47F39C241A8E0FF70011E2CB /* MobileBalancedViewController.swift in Sources */ = {isa = PBXBuildFile; fileRef = 47F39BE51A8E0FF70011E2CB /* MobileBalancedViewController.swift */; };
		47F39C251A8E0FF70011E2CB /* MobileViewController.swift in Sources */ = {isa = PBXBuildFile; fileRef = 47F39BE61A8E0FF70011E2CB /* MobileViewController.swift */; };
		47F39C261A8E0FF70011E2CB /* MotorJointViewController.swift in Sources */ = {isa = PBXBuildFile; fileRef = 47F39BE71A8E0FF70011E2CB /* MotorJointViewController.swift */; };
		47F39C271A8E0FF70011E2CB /* OneSidedPlatformViewController.swift in Sources */ = {isa = PBXBuildFile; fileRef = 47F39BE81A8E0FF70011E2CB /* OneSidedPlatformViewController.swift */; };
		47F39C281A8E0FF70011E2CB /* PinballViewController.swift in Sources */ = {isa = PBXBuildFile; fileRef = 47F39BE91A8E0FF70011E2CB /* PinballViewController.swift */; };
		47F39C291A8E0FF70011E2CB /* PolyCollisionViewController.swift in Sources */ = {isa = PBXBuildFile; fileRef = 47F39BEA1A8E0FF70011E2CB /* PolyCollisionViewController.swift */; };
		47F39C2A1A8E0FF70011E2CB /* PolyShapesViewController.swift in Sources */ = {isa = PBXBuildFile; fileRef = 47F39BEB1A8E0FF70011E2CB /* PolyShapesViewController.swift */; };
		47F39C2B1A8E0FF70011E2CB /* PrismaticViewController.swift in Sources */ = {isa = PBXBuildFile; fileRef = 47F39BEC1A8E0FF70011E2CB /* PrismaticViewController.swift */; };
		47F39C2C1A8E0FF70011E2CB /* PulleysViewController.swift in Sources */ = {isa = PBXBuildFile; fileRef = 47F39BED1A8E0FF70011E2CB /* PulleysViewController.swift */; };
		47F39C2D1A8E0FF70011E2CB /* PyramidViewController.swift in Sources */ = {isa = PBXBuildFile; fileRef = 47F39BEE1A8E0FF70011E2CB /* PyramidViewController.swift */; };
		47F39C2E1A8E0FF70011E2CB /* RayCastViewController.swift in Sources */ = {isa = PBXBuildFile; fileRef = 47F39BEF1A8E0FF70011E2CB /* RayCastViewController.swift */; };
		47F39C2F1A8E0FF70011E2CB /* RevoluteViewController.swift in Sources */ = {isa = PBXBuildFile; fileRef = 47F39BF01A8E0FF70011E2CB /* RevoluteViewController.swift */; };
		47F39C301A8E0FF70011E2CB /* RopeJointViewController.swift in Sources */ = {isa = PBXBuildFile; fileRef = 47F39BF11A8E0FF70011E2CB /* RopeJointViewController.swift */; };
		47F39C311A8E0FF70011E2CB /* SensorTestViewController.swift in Sources */ = {isa = PBXBuildFile; fileRef = 47F39BF21A8E0FF70011E2CB /* SensorTestViewController.swift */; };
		47F39C321A8E0FF70011E2CB /* ShapeEditingViewController.swift in Sources */ = {isa = PBXBuildFile; fileRef = 47F39BF31A8E0FF70011E2CB /* ShapeEditingViewController.swift */; };
		47F39C331A8E0FF70011E2CB /* SliderCrankViewController.swift in Sources */ = {isa = PBXBuildFile; fileRef = 47F39BF41A8E0FF70011E2CB /* SliderCrankViewController.swift */; };
		47F39C341A8E0FF70011E2CB /* SphereStackViewController.swift in Sources */ = {isa = PBXBuildFile; fileRef = 47F39BF51A8E0FF70011E2CB /* SphereStackViewController.swift */; };
		47F39C351A8E0FF70011E2CB /* TheoJansenViewController.swift in Sources */ = {isa = PBXBuildFile; fileRef = 47F39BF61A8E0FF70011E2CB /* TheoJansenViewController.swift */; };
		47F39C361A8E0FF70011E2CB /* TilesViewController.swift in Sources */ = {isa = PBXBuildFile; fileRef = 47F39BF71A8E0FF70011E2CB /* TilesViewController.swift */; };
		47F39C371A8E0FF70011E2CB /* TimeOfImpactViewController.swift in Sources */ = {isa = PBXBuildFile; fileRef = 47F39BF81A8E0FF70011E2CB /* TimeOfImpactViewController.swift */; };
		47F39C381A8E0FF70011E2CB /* TumblerViewController.swift in Sources */ = {isa = PBXBuildFile; fileRef = 47F39BF91A8E0FF70011E2CB /* TumblerViewController.swift */; };
		47F39C391A8E0FF70011E2CB /* VaryingFrictionViewController.swift in Sources */ = {isa = PBXBuildFile; fileRef = 47F39BFA1A8E0FF70011E2CB /* VaryingFrictionViewController.swift */; };
		47F39C3A1A8E0FF70011E2CB /* VaryingRestitutionViewController.swift in Sources */ = {isa = PBXBuildFile; fileRef = 47F39BFB1A8E0FF70011E2CB /* VaryingRestitutionViewController.swift */; };
		47F39C3B1A8E0FF70011E2CB /* VerticalStackViewController.swift in Sources */ = {isa = PBXBuildFile; fileRef = 47F39BFC1A8E0FF70011E2CB /* VerticalStackViewController.swift */; };
		47F39C3C1A8E0FF70011E2CB /* WebViewController.swift in Sources */ = {isa = PBXBuildFile; fileRef = 47F39BFD1A8E0FF70011E2CB /* WebViewController.swift */; };
		47F39C3D1A8E0FF70011E2CB /* TextListViewController.swift in Sources */ = {isa = PBXBuildFile; fileRef = 47F39BFE1A8E0FF70011E2CB /* TextListViewController.swift */; };
		47F39C401A8E11380011E2CB /* License.txt in Resources */ = {isa = PBXBuildFile; fileRef = 47F39C3E1A8E11380011E2CB /* License.txt */; };
/* End PBXBuildFile section */

/* Begin PBXContainerItemProxy section */
		47D743F81A8E17DD006235A6 /* PBXContainerItemProxy */ = {
			isa = PBXContainerItemProxy;
			containerPortal = 47F39B0B1A8E0D500011E2CB /* Project object */;
			proxyType = 1;
			remoteGlobalIDString = 47F39B131A8E0D500011E2CB;
			remoteInfo = Box2D;
		};
		47F39B211A8E0D500011E2CB /* PBXContainerItemProxy */ = {
			isa = PBXContainerItemProxy;
			containerPortal = 47F39B0B1A8E0D500011E2CB /* Project object */;
			proxyType = 1;
			remoteGlobalIDString = 47F39B131A8E0D500011E2CB;
			remoteInfo = Box2D;
		};
		47F39B491A8E0D7C0011E2CB /* PBXContainerItemProxy */ = {
			isa = PBXContainerItemProxy;
			containerPortal = 47F39B0B1A8E0D500011E2CB /* Project object */;
			proxyType = 1;
			remoteGlobalIDString = 47F39B331A8E0D7B0011E2CB;
			remoteInfo = Testbed;
		};
/* End PBXContainerItemProxy section */

/* Begin PBXCopyFilesBuildPhase section */
		47D743FA1A8E17DD006235A6 /* Embed Frameworks */ = {
			isa = PBXCopyFilesBuildPhase;
			buildActionMask = 2147483647;
			dstPath = "";
			dstSubfolderSpec = 10;
			files = (
				47D743F71A8E17DD006235A6 /* Box2D.framework in Embed Frameworks */,
			);
			name = "Embed Frameworks";
			runOnlyForDeploymentPostprocessing = 0;
		};
/* End PBXCopyFilesBuildPhase section */

/* Begin PBXFileReference section */
		47F39B141A8E0D500011E2CB /* Box2D.framework */ = {isa = PBXFileReference; explicitFileType = wrapper.framework; includeInIndex = 0; path = Box2D.framework; sourceTree = BUILT_PRODUCTS_DIR; };
		47F39B181A8E0D500011E2CB /* Info.plist */ = {isa = PBXFileReference; lastKnownFileType = text.plist.xml; path = Info.plist; sourceTree = "<group>"; };
		47F39B191A8E0D500011E2CB /* Box2D.h */ = {isa = PBXFileReference; lastKnownFileType = sourcecode.c.h; path = Box2D.h; sourceTree = "<group>"; };
		47F39B1F1A8E0D500011E2CB /* Box2DTests.xctest */ = {isa = PBXFileReference; explicitFileType = wrapper.cfbundle; includeInIndex = 0; path = Box2DTests.xctest; sourceTree = BUILT_PRODUCTS_DIR; };
		47F39B251A8E0D500011E2CB /* Info.plist */ = {isa = PBXFileReference; lastKnownFileType = text.plist.xml; path = Info.plist; sourceTree = "<group>"; };
		47F39B261A8E0D500011E2CB /* Box2DTests.swift */ = {isa = PBXFileReference; lastKnownFileType = sourcecode.swift; path = Box2DTests.swift; sourceTree = "<group>"; };
		47F39B341A8E0D7B0011E2CB /* Testbed.app */ = {isa = PBXFileReference; explicitFileType = wrapper.application; includeInIndex = 0; path = Testbed.app; sourceTree = BUILT_PRODUCTS_DIR; };
		47F39B371A8E0D7C0011E2CB /* Info.plist */ = {isa = PBXFileReference; lastKnownFileType = text.plist.xml; path = Info.plist; sourceTree = "<group>"; };
		47F39B381A8E0D7C0011E2CB /* AppDelegate.swift */ = {isa = PBXFileReference; lastKnownFileType = sourcecode.swift; path = AppDelegate.swift; sourceTree = "<group>"; };
		47F39B3F1A8E0D7C0011E2CB /* Images.xcassets */ = {isa = PBXFileReference; lastKnownFileType = folder.assetcatalog; path = Images.xcassets; sourceTree = "<group>"; };
		47F39B481A8E0D7C0011E2CB /* TestbedTests.xctest */ = {isa = PBXFileReference; explicitFileType = wrapper.cfbundle; includeInIndex = 0; path = TestbedTests.xctest; sourceTree = BUILT_PRODUCTS_DIR; };
		47F39B4D1A8E0D7C0011E2CB /* Info.plist */ = {isa = PBXFileReference; lastKnownFileType = text.plist.xml; path = Info.plist; sourceTree = "<group>"; };
		47F39B4E1A8E0D7C0011E2CB /* TestbedTests.swift */ = {isa = PBXFileReference; lastKnownFileType = sourcecode.swift; path = TestbedTests.swift; sourceTree = "<group>"; };
		47F39B571A8E0E2D0011E2CB /* b2BroadPhase.swift */ = {isa = PBXFileReference; fileEncoding = 4; lastKnownFileType = sourcecode.swift; path = b2BroadPhase.swift; sourceTree = "<group>"; };
		47F39B581A8E0E2D0011E2CB /* b2CollideCircles.swift */ = {isa = PBXFileReference; fileEncoding = 4; lastKnownFileType = sourcecode.swift; path = b2CollideCircles.swift; sourceTree = "<group>"; };
		47F39B591A8E0E2D0011E2CB /* b2CollideEdge.swift */ = {isa = PBXFileReference; fileEncoding = 4; lastKnownFileType = sourcecode.swift; path = b2CollideEdge.swift; sourceTree = "<group>"; };
		47F39B5A1A8E0E2D0011E2CB /* b2CollidePolygon.swift */ = {isa = PBXFileReference; fileEncoding = 4; lastKnownFileType = sourcecode.swift; path = b2CollidePolygon.swift; sourceTree = "<group>"; };
		47F39B5B1A8E0E2D0011E2CB /* b2Collision.swift */ = {isa = PBXFileReference; fileEncoding = 4; lastKnownFileType = sourcecode.swift; path = b2Collision.swift; sourceTree = "<group>"; };
		47F39B5C1A8E0E2D0011E2CB /* b2Distance.swift */ = {isa = PBXFileReference; fileEncoding = 4; lastKnownFileType = sourcecode.swift; path = b2Distance.swift; sourceTree = "<group>"; };
		47F39B5D1A8E0E2D0011E2CB /* b2DynamicTree.swift */ = {isa = PBXFileReference; fileEncoding = 4; lastKnownFileType = sourcecode.swift; path = b2DynamicTree.swift; sourceTree = "<group>"; };
		47F39B5E1A8E0E2D0011E2CB /* b2TimeOfImpact.swift */ = {isa = PBXFileReference; fileEncoding = 4; lastKnownFileType = sourcecode.swift; path = b2TimeOfImpact.swift; sourceTree = "<group>"; };
		47F39B601A8E0E2D0011E2CB /* b2ChainShape.swift */ = {isa = PBXFileReference; fileEncoding = 4; lastKnownFileType = sourcecode.swift; path = b2ChainShape.swift; sourceTree = "<group>"; };
		47F39B611A8E0E2D0011E2CB /* b2CircleShape.swift */ = {isa = PBXFileReference; fileEncoding = 4; lastKnownFileType = sourcecode.swift; path = b2CircleShape.swift; sourceTree = "<group>"; };
		47F39B621A8E0E2D0011E2CB /* b2EdgeShape.swift */ = {isa = PBXFileReference; fileEncoding = 4; lastKnownFileType = sourcecode.swift; path = b2EdgeShape.swift; sourceTree = "<group>"; };
		47F39B631A8E0E2D0011E2CB /* b2PolygonShape.swift */ = {isa = PBXFileReference; fileEncoding = 4; lastKnownFileType = sourcecode.swift; path = b2PolygonShape.swift; sourceTree = "<group>"; };
		47F39B641A8E0E2D0011E2CB /* b2Shape.swift */ = {isa = PBXFileReference; fileEncoding = 4; lastKnownFileType = sourcecode.swift; path = b2Shape.swift; sourceTree = "<group>"; };
		47F39B661A8E0E2D0011E2CB /* b2Common.swift */ = {isa = PBXFileReference; fileEncoding = 4; lastKnownFileType = sourcecode.swift; path = b2Common.swift; sourceTree = "<group>"; };
		47F39B671A8E0E2D0011E2CB /* b2Draw.swift */ = {isa = PBXFileReference; fileEncoding = 4; lastKnownFileType = sourcecode.swift; path = b2Draw.swift; sourceTree = "<group>"; };
		47F39B681A8E0E2D0011E2CB /* b2GrowableStack.swift */ = {isa = PBXFileReference; fileEncoding = 4; lastKnownFileType = sourcecode.swift; path = b2GrowableStack.swift; sourceTree = "<group>"; };
		47F39B691A8E0E2D0011E2CB /* b2Math.swift */ = {isa = PBXFileReference; fileEncoding = 4; lastKnownFileType = sourcecode.swift; path = b2Math.swift; sourceTree = "<group>"; };
		47F39B6A1A8E0E2D0011E2CB /* b2Settings.swift */ = {isa = PBXFileReference; fileEncoding = 4; lastKnownFileType = sourcecode.swift; path = b2Settings.swift; sourceTree = "<group>"; };
		47F39B6B1A8E0E2D0011E2CB /* b2Timer.swift */ = {isa = PBXFileReference; fileEncoding = 4; lastKnownFileType = sourcecode.swift; path = b2Timer.swift; sourceTree = "<group>"; };
		47F39B6C1A8E0E2D0011E2CB /* b2Wrappers.swift */ = {isa = PBXFileReference; fileEncoding = 4; lastKnownFileType = sourcecode.swift; path = b2Wrappers.swift; sourceTree = "<group>"; };
		47F39B6E1A8E0E2D0011E2CB /* b2Body.swift */ = {isa = PBXFileReference; fileEncoding = 4; lastKnownFileType = sourcecode.swift; path = b2Body.swift; sourceTree = "<group>"; };
		47F39B6F1A8E0E2D0011E2CB /* b2ContactManager.swift */ = {isa = PBXFileReference; fileEncoding = 4; lastKnownFileType = sourcecode.swift; path = b2ContactManager.swift; sourceTree = "<group>"; };
		47F39B701A8E0E2D0011E2CB /* b2Fixture.swift */ = {isa = PBXFileReference; fileEncoding = 4; lastKnownFileType = sourcecode.swift; path = b2Fixture.swift; sourceTree = "<group>"; };
		47F39B711A8E0E2D0011E2CB /* b2Island.swift */ = {isa = PBXFileReference; fileEncoding = 4; lastKnownFileType = sourcecode.swift; path = b2Island.swift; sourceTree = "<group>"; };
		47F39B721A8E0E2D0011E2CB /* b2TimeStep.swift */ = {isa = PBXFileReference; fileEncoding = 4; lastKnownFileType = sourcecode.swift; path = b2TimeStep.swift; sourceTree = "<group>"; };
		47F39B731A8E0E2D0011E2CB /* b2World.swift */ = {isa = PBXFileReference; fileEncoding = 4; lastKnownFileType = sourcecode.swift; path = b2World.swift; sourceTree = "<group>"; };
		47F39B741A8E0E2D0011E2CB /* b2WorldCallbacks.swift */ = {isa = PBXFileReference; fileEncoding = 4; lastKnownFileType = sourcecode.swift; path = b2WorldCallbacks.swift; sourceTree = "<group>"; };
		47F39B761A8E0E2D0011E2CB /* b2ChainAndCircleContact.swift */ = {isa = PBXFileReference; fileEncoding = 4; lastKnownFileType = sourcecode.swift; path = b2ChainAndCircleContact.swift; sourceTree = "<group>"; };
		47F39B771A8E0E2D0011E2CB /* b2ChainAndPolygonContact.swift */ = {isa = PBXFileReference; fileEncoding = 4; lastKnownFileType = sourcecode.swift; path = b2ChainAndPolygonContact.swift; sourceTree = "<group>"; };
		47F39B781A8E0E2D0011E2CB /* b2CircleContact.swift */ = {isa = PBXFileReference; fileEncoding = 4; lastKnownFileType = sourcecode.swift; path = b2CircleContact.swift; sourceTree = "<group>"; };
		47F39B791A8E0E2D0011E2CB /* b2Contact.swift */ = {isa = PBXFileReference; fileEncoding = 4; lastKnownFileType = sourcecode.swift; path = b2Contact.swift; sourceTree = "<group>"; };
		47F39B7A1A8E0E2D0011E2CB /* b2ContactSolver.swift */ = {isa = PBXFileReference; fileEncoding = 4; lastKnownFileType = sourcecode.swift; path = b2ContactSolver.swift; sourceTree = "<group>"; };
		47F39B7B1A8E0E2D0011E2CB /* b2EdgeAndCircleContact.swift */ = {isa = PBXFileReference; fileEncoding = 4; lastKnownFileType = sourcecode.swift; path = b2EdgeAndCircleContact.swift; sourceTree = "<group>"; };
		47F39B7C1A8E0E2D0011E2CB /* b2EdgeAndPolygonContact.swift */ = {isa = PBXFileReference; fileEncoding = 4; lastKnownFileType = sourcecode.swift; path = b2EdgeAndPolygonContact.swift; sourceTree = "<group>"; };
		47F39B7D1A8E0E2D0011E2CB /* b2PolygonAndCircleContact.swift */ = {isa = PBXFileReference; fileEncoding = 4; lastKnownFileType = sourcecode.swift; path = b2PolygonAndCircleContact.swift; sourceTree = "<group>"; };
		47F39B7E1A8E0E2D0011E2CB /* b2PolygonContact.swift */ = {isa = PBXFileReference; fileEncoding = 4; lastKnownFileType = sourcecode.swift; path = b2PolygonContact.swift; sourceTree = "<group>"; };
		47F39B801A8E0E2D0011E2CB /* b2DistanceJoint.swift */ = {isa = PBXFileReference; fileEncoding = 4; lastKnownFileType = sourcecode.swift; path = b2DistanceJoint.swift; sourceTree = "<group>"; };
		47F39B811A8E0E2D0011E2CB /* b2FrictionJoint.swift */ = {isa = PBXFileReference; fileEncoding = 4; lastKnownFileType = sourcecode.swift; path = b2FrictionJoint.swift; sourceTree = "<group>"; };
		47F39B821A8E0E2D0011E2CB /* b2GearJoint.swift */ = {isa = PBXFileReference; fileEncoding = 4; lastKnownFileType = sourcecode.swift; path = b2GearJoint.swift; sourceTree = "<group>"; };
		47F39B831A8E0E2D0011E2CB /* b2Joint.swift */ = {isa = PBXFileReference; fileEncoding = 4; lastKnownFileType = sourcecode.swift; path = b2Joint.swift; sourceTree = "<group>"; };
		47F39B841A8E0E2D0011E2CB /* b2MotorJoint.swift */ = {isa = PBXFileReference; fileEncoding = 4; lastKnownFileType = sourcecode.swift; path = b2MotorJoint.swift; sourceTree = "<group>"; };
		47F39B851A8E0E2D0011E2CB /* b2MouseJoint.swift */ = {isa = PBXFileReference; fileEncoding = 4; lastKnownFileType = sourcecode.swift; path = b2MouseJoint.swift; sourceTree = "<group>"; };
		47F39B861A8E0E2D0011E2CB /* b2PrismaticJoint.swift */ = {isa = PBXFileReference; fileEncoding = 4; lastKnownFileType = sourcecode.swift; path = b2PrismaticJoint.swift; sourceTree = "<group>"; };
		47F39B871A8E0E2D0011E2CB /* b2PulleyJoint.swift */ = {isa = PBXFileReference; fileEncoding = 4; lastKnownFileType = sourcecode.swift; path = b2PulleyJoint.swift; sourceTree = "<group>"; };
		47F39B881A8E0E2D0011E2CB /* b2RevoluteJoint.swift */ = {isa = PBXFileReference; fileEncoding = 4; lastKnownFileType = sourcecode.swift; path = b2RevoluteJoint.swift; sourceTree = "<group>"; };
		47F39B891A8E0E2D0011E2CB /* b2RopeJoint.swift */ = {isa = PBXFileReference; fileEncoding = 4; lastKnownFileType = sourcecode.swift; path = b2RopeJoint.swift; sourceTree = "<group>"; };
		47F39B8A1A8E0E2D0011E2CB /* b2WeldJoint.swift */ = {isa = PBXFileReference; fileEncoding = 4; lastKnownFileType = sourcecode.swift; path = b2WeldJoint.swift; sourceTree = "<group>"; };
		47F39B8B1A8E0E2D0011E2CB /* b2WheelJoint.swift */ = {isa = PBXFileReference; fileEncoding = 4; lastKnownFileType = sourcecode.swift; path = b2WheelJoint.swift; sourceTree = "<group>"; };
		47F39B8D1A8E0E2D0011E2CB /* b2Rope.swift */ = {isa = PBXFileReference; fileEncoding = 4; lastKnownFileType = sourcecode.swift; path = b2Rope.swift; sourceTree = "<group>"; };
		47F39BBF1A8E0FF70011E2CB /* AdditionalInfoView.swift */ = {isa = PBXFileReference; fileEncoding = 4; lastKnownFileType = sourcecode.swift; path = AdditionalInfoView.swift; sourceTree = "<group>"; };
		47F39BC01A8E0FF70011E2CB /* BaseViewController.swift */ = {isa = PBXFileReference; fileEncoding = 4; lastKnownFileType = sourcecode.swift; path = BaseViewController.swift; sourceTree = "<group>"; };
		47F39BC11A8E0FF70011E2CB /* BombLauncher.swift */ = {isa = PBXFileReference; fileEncoding = 4; lastKnownFileType = sourcecode.swift; path = BombLauncher.swift; sourceTree = "<group>"; };
		47F39BC21A8E0FF70011E2CB /* Helper.swift */ = {isa = PBXFileReference; fileEncoding = 4; lastKnownFileType = sourcecode.swift; path = Helper.swift; sourceTree = "<group>"; };
		47F39BC31A8E0FF70011E2CB /* HertzCell.xib */ = {isa = PBXFileReference; fileEncoding = 4; lastKnownFileType = file.xib; path = HertzCell.xib; sourceTree = "<group>"; };
		47F39BC41A8E0FF70011E2CB /* InfoView.swift */ = {isa = PBXFileReference; fileEncoding = 4; lastKnownFileType = sourcecode.swift; path = InfoView.swift; sourceTree = "<group>"; };
		47F39BC51A8E0FF70011E2CB /* IterationCell.xib */ = {isa = PBXFileReference; fileEncoding = 4; lastKnownFileType = file.xib; path = IterationCell.xib; sourceTree = "<group>"; };
		47F39BC61A8E0FF70011E2CB /* MenuViewController.swift */ = {isa = PBXFileReference; fileEncoding = 4; lastKnownFileType = sourcecode.swift; path = MenuViewController.swift; sourceTree = "<group>"; };
		47F39BC71A8E0FF70011E2CB /* render.fsh */ = {isa = PBXFileReference; explicitFileType = sourcecode.glsl; fileEncoding = 4; path = render.fsh; sourceTree = "<group>"; };
		47F39BC81A8E0FF70011E2CB /* render.vsh */ = {isa = PBXFileReference; explicitFileType = sourcecode.glsl; fileEncoding = 4; path = render.vsh; sourceTree = "<group>"; };
		47F39BC91A8E0FF70011E2CB /* Renderer.swift */ = {isa = PBXFileReference; fileEncoding = 4; lastKnownFileType = sourcecode.swift; path = Renderer.swift; sourceTree = "<group>"; };
		47F39BCA1A8E0FF70011E2CB /* RenderView.swift */ = {isa = PBXFileReference; fileEncoding = 4; lastKnownFileType = sourcecode.swift; path = RenderView.swift; sourceTree = "<group>"; };
		47F39BCB1A8E0FF70011E2CB /* SettingViewController.swift */ = {isa = PBXFileReference; fileEncoding = 4; lastKnownFileType = sourcecode.swift; path = SettingViewController.swift; sourceTree = "<group>"; };
		47F39BCC1A8E0FF70011E2CB /* SwitchCell.xib */ = {isa = PBXFileReference; fileEncoding = 4; lastKnownFileType = file.xib; path = SwitchCell.xib; sourceTree = "<group>"; };
		47F39BCE1A8E0FF70011E2CB /* AddPairViewController.swift */ = {isa = PBXFileReference; fileEncoding = 4; lastKnownFileType = sourcecode.swift; path = AddPairViewController.swift; sourceTree = "<group>"; };
		47F39BCF1A8E0FF70011E2CB /* ApplyForceViewController.swift */ = {isa = PBXFileReference; fileEncoding = 4; lastKnownFileType = sourcecode.swift; path = ApplyForceViewController.swift; sourceTree = "<group>"; };
		47F39BD01A8E0FF70011E2CB /* BodyTypesViewController.swift */ = {isa = PBXFileReference; fileEncoding = 4; lastKnownFileType = sourcecode.swift; path = BodyTypesViewController.swift; sourceTree = "<group>"; };
		47F39BD11A8E0FF70011E2CB /* BreakableViewController.swift */ = {isa = PBXFileReference; fileEncoding = 4; lastKnownFileType = sourcecode.swift; path = BreakableViewController.swift; sourceTree = "<group>"; };
		47F39BD21A8E0FF70011E2CB /* BridgeViewController.swift */ = {isa = PBXFileReference; fileEncoding = 4; lastKnownFileType = sourcecode.swift; path = BridgeViewController.swift; sourceTree = "<group>"; };
		47F39BD31A8E0FF70011E2CB /* BulletTestViewController.swift */ = {isa = PBXFileReference; fileEncoding = 4; lastKnownFileType = sourcecode.swift; path = BulletTestViewController.swift; sourceTree = "<group>"; };
		47F39BD41A8E0FF70011E2CB /* CantileverViewController.swift */ = {isa = PBXFileReference; fileEncoding = 4; lastKnownFileType = sourcecode.swift; path = CantileverViewController.swift; sourceTree = "<group>"; };
		47F39BD51A8E0FF70011E2CB /* CarViewController.swift */ = {isa = PBXFileReference; fileEncoding = 4; lastKnownFileType = sourcecode.swift; path = CarViewController.swift; sourceTree = "<group>"; };
		47F39BD61A8E0FF70011E2CB /* ChainViewController.swift */ = {isa = PBXFileReference; fileEncoding = 4; lastKnownFileType = sourcecode.swift; path = ChainViewController.swift; sourceTree = "<group>"; };
		47F39BD71A8E0FF70011E2CB /* CharacterCollisionViewController.swift */ = {isa = PBXFileReference; fileEncoding = 4; lastKnownFileType = sourcecode.swift; path = CharacterCollisionViewController.swift; sourceTree = "<group>"; };
		47F39BD81A8E0FF70011E2CB /* CollisionFilteringViewController.swift */ = {isa = PBXFileReference; fileEncoding = 4; lastKnownFileType = sourcecode.swift; path = CollisionFilteringViewController.swift; sourceTree = "<group>"; };
		47F39BD91A8E0FF70011E2CB /* CollisionProcessingViewController.swift */ = {isa = PBXFileReference; fileEncoding = 4; lastKnownFileType = sourcecode.swift; path = CollisionProcessingViewController.swift; sourceTree = "<group>"; };
		47F39BDA1A8E0FF70011E2CB /* CompoundShapesViewController.swift */ = {isa = PBXFileReference; fileEncoding = 4; lastKnownFileType = sourcecode.swift; path = CompoundShapesViewController.swift; sourceTree = "<group>"; };
		47F39BDB1A8E0FF70011E2CB /* ConfinedViewController.swift */ = {isa = PBXFileReference; fileEncoding = 4; lastKnownFileType = sourcecode.swift; path = ConfinedViewController.swift; sourceTree = "<group>"; };
		47F39BDC1A8E0FF70011E2CB /* ContinuousTestViewController.swift */ = {isa = PBXFileReference; fileEncoding = 4; lastKnownFileType = sourcecode.swift; path = ContinuousTestViewController.swift; sourceTree = "<group>"; };
		47F39BDD1A8E0FF70011E2CB /* ConveyorBeltViewController.swift */ = {isa = PBXFileReference; fileEncoding = 4; lastKnownFileType = sourcecode.swift; path = ConveyorBeltViewController.swift; sourceTree = "<group>"; };
		47F39BDE1A8E0FF70011E2CB /* DistanceTestViewController.swift */ = {isa = PBXFileReference; fileEncoding = 4; lastKnownFileType = sourcecode.swift; path = DistanceTestViewController.swift; sourceTree = "<group>"; };
		47F39BDF1A8E0FF70011E2CB /* DominosViewController.swift */ = {isa = PBXFileReference; fileEncoding = 4; lastKnownFileType = sourcecode.swift; path = DominosViewController.swift; sourceTree = "<group>"; };
		47F39BE01A8E0FF70011E2CB /* DumpShellViewController.swift */ = {isa = PBXFileReference; fileEncoding = 4; lastKnownFileType = sourcecode.swift; path = DumpShellViewController.swift; sourceTree = "<group>"; };
		47F39BE11A8E0FF70011E2CB /* DynamicTreeTestViewController.swift */ = {isa = PBXFileReference; fileEncoding = 4; lastKnownFileType = sourcecode.swift; path = DynamicTreeTestViewController.swift; sourceTree = "<group>"; };
		47F39BE21A8E0FF70011E2CB /* EdgeShapesViewController.swift */ = {isa = PBXFileReference; fileEncoding = 4; lastKnownFileType = sourcecode.swift; path = EdgeShapesViewController.swift; sourceTree = "<group>"; };
		47F39BE31A8E0FF70011E2CB /* EdgeTestViewController.swift */ = {isa = PBXFileReference; fileEncoding = 4; lastKnownFileType = sourcecode.swift; path = EdgeTestViewController.swift; sourceTree = "<group>"; };
		47F39BE41A8E0FF70011E2CB /* GearViewController.swift */ = {isa = PBXFileReference; fileEncoding = 4; lastKnownFileType = sourcecode.swift; path = GearViewController.swift; sourceTree = "<group>"; };
		47F39BE51A8E0FF70011E2CB /* MobileBalancedViewController.swift */ = {isa = PBXFileReference; fileEncoding = 4; lastKnownFileType = sourcecode.swift; path = MobileBalancedViewController.swift; sourceTree = "<group>"; };
		47F39BE61A8E0FF70011E2CB /* MobileViewController.swift */ = {isa = PBXFileReference; fileEncoding = 4; lastKnownFileType = sourcecode.swift; path = MobileViewController.swift; sourceTree = "<group>"; };
		47F39BE71A8E0FF70011E2CB /* MotorJointViewController.swift */ = {isa = PBXFileReference; fileEncoding = 4; lastKnownFileType = sourcecode.swift; path = MotorJointViewController.swift; sourceTree = "<group>"; };
		47F39BE81A8E0FF70011E2CB /* OneSidedPlatformViewController.swift */ = {isa = PBXFileReference; fileEncoding = 4; lastKnownFileType = sourcecode.swift; path = OneSidedPlatformViewController.swift; sourceTree = "<group>"; };
		47F39BE91A8E0FF70011E2CB /* PinballViewController.swift */ = {isa = PBXFileReference; fileEncoding = 4; lastKnownFileType = sourcecode.swift; path = PinballViewController.swift; sourceTree = "<group>"; };
		47F39BEA1A8E0FF70011E2CB /* PolyCollisionViewController.swift */ = {isa = PBXFileReference; fileEncoding = 4; lastKnownFileType = sourcecode.swift; path = PolyCollisionViewController.swift; sourceTree = "<group>"; };
		47F39BEB1A8E0FF70011E2CB /* PolyShapesViewController.swift */ = {isa = PBXFileReference; fileEncoding = 4; lastKnownFileType = sourcecode.swift; path = PolyShapesViewController.swift; sourceTree = "<group>"; };
		47F39BEC1A8E0FF70011E2CB /* PrismaticViewController.swift */ = {isa = PBXFileReference; fileEncoding = 4; lastKnownFileType = sourcecode.swift; path = PrismaticViewController.swift; sourceTree = "<group>"; };
		47F39BED1A8E0FF70011E2CB /* PulleysViewController.swift */ = {isa = PBXFileReference; fileEncoding = 4; lastKnownFileType = sourcecode.swift; path = PulleysViewController.swift; sourceTree = "<group>"; };
		47F39BEE1A8E0FF70011E2CB /* PyramidViewController.swift */ = {isa = PBXFileReference; fileEncoding = 4; lastKnownFileType = sourcecode.swift; path = PyramidViewController.swift; sourceTree = "<group>"; };
		47F39BEF1A8E0FF70011E2CB /* RayCastViewController.swift */ = {isa = PBXFileReference; fileEncoding = 4; lastKnownFileType = sourcecode.swift; path = RayCastViewController.swift; sourceTree = "<group>"; };
		47F39BF01A8E0FF70011E2CB /* RevoluteViewController.swift */ = {isa = PBXFileReference; fileEncoding = 4; lastKnownFileType = sourcecode.swift; path = RevoluteViewController.swift; sourceTree = "<group>"; };
		47F39BF11A8E0FF70011E2CB /* RopeJointViewController.swift */ = {isa = PBXFileReference; fileEncoding = 4; lastKnownFileType = sourcecode.swift; path = RopeJointViewController.swift; sourceTree = "<group>"; };
		47F39BF21A8E0FF70011E2CB /* SensorTestViewController.swift */ = {isa = PBXFileReference; fileEncoding = 4; lastKnownFileType = sourcecode.swift; path = SensorTestViewController.swift; sourceTree = "<group>"; };
		47F39BF31A8E0FF70011E2CB /* ShapeEditingViewController.swift */ = {isa = PBXFileReference; fileEncoding = 4; lastKnownFileType = sourcecode.swift; path = ShapeEditingViewController.swift; sourceTree = "<group>"; };
		47F39BF41A8E0FF70011E2CB /* SliderCrankViewController.swift */ = {isa = PBXFileReference; fileEncoding = 4; lastKnownFileType = sourcecode.swift; path = SliderCrankViewController.swift; sourceTree = "<group>"; };
		47F39BF51A8E0FF70011E2CB /* SphereStackViewController.swift */ = {isa = PBXFileReference; fileEncoding = 4; lastKnownFileType = sourcecode.swift; path = SphereStackViewController.swift; sourceTree = "<group>"; };
		47F39BF61A8E0FF70011E2CB /* TheoJansenViewController.swift */ = {isa = PBXFileReference; fileEncoding = 4; lastKnownFileType = sourcecode.swift; path = TheoJansenViewController.swift; sourceTree = "<group>"; };
		47F39BF71A8E0FF70011E2CB /* TilesViewController.swift */ = {isa = PBXFileReference; fileEncoding = 4; lastKnownFileType = sourcecode.swift; path = TilesViewController.swift; sourceTree = "<group>"; };
		47F39BF81A8E0FF70011E2CB /* TimeOfImpactViewController.swift */ = {isa = PBXFileReference; fileEncoding = 4; lastKnownFileType = sourcecode.swift; path = TimeOfImpactViewController.swift; sourceTree = "<group>"; };
		47F39BF91A8E0FF70011E2CB /* TumblerViewController.swift */ = {isa = PBXFileReference; fileEncoding = 4; lastKnownFileType = sourcecode.swift; path = TumblerViewController.swift; sourceTree = "<group>"; };
		47F39BFA1A8E0FF70011E2CB /* VaryingFrictionViewController.swift */ = {isa = PBXFileReference; fileEncoding = 4; lastKnownFileType = sourcecode.swift; path = VaryingFrictionViewController.swift; sourceTree = "<group>"; };
		47F39BFB1A8E0FF70011E2CB /* VaryingRestitutionViewController.swift */ = {isa = PBXFileReference; fileEncoding = 4; lastKnownFileType = sourcecode.swift; path = VaryingRestitutionViewController.swift; sourceTree = "<group>"; };
		47F39BFC1A8E0FF70011E2CB /* VerticalStackViewController.swift */ = {isa = PBXFileReference; fileEncoding = 4; lastKnownFileType = sourcecode.swift; path = VerticalStackViewController.swift; sourceTree = "<group>"; };
		47F39BFD1A8E0FF70011E2CB /* WebViewController.swift */ = {isa = PBXFileReference; fileEncoding = 4; lastKnownFileType = sourcecode.swift; path = WebViewController.swift; sourceTree = "<group>"; };
		47F39BFE1A8E0FF70011E2CB /* TextListViewController.swift */ = {isa = PBXFileReference; fileEncoding = 4; lastKnownFileType = sourcecode.swift; path = TextListViewController.swift; sourceTree = "<group>"; };
		47F39C3E1A8E11380011E2CB /* License.txt */ = {isa = PBXFileReference; fileEncoding = 4; lastKnownFileType = text; path = License.txt; sourceTree = "<group>"; };
		47F39C3F1A8E11380011E2CB /* Readme.md */ = {isa = PBXFileReference; fileEncoding = 4; lastKnownFileType = net.daringfireball.markdown; path = Readme.md; sourceTree = "<group>"; };
/* End PBXFileReference section */

/* Begin PBXFrameworksBuildPhase section */
		47F39B101A8E0D500011E2CB /* Frameworks */ = {
			isa = PBXFrameworksBuildPhase;
			buildActionMask = 2147483647;
			files = (
			);
			runOnlyForDeploymentPostprocessing = 0;
		};
		47F39B1C1A8E0D500011E2CB /* Frameworks */ = {
			isa = PBXFrameworksBuildPhase;
			buildActionMask = 2147483647;
			files = (
				47F39B201A8E0D500011E2CB /* Box2D.framework in Frameworks */,
			);
			runOnlyForDeploymentPostprocessing = 0;
		};
		47F39B311A8E0D7B0011E2CB /* Frameworks */ = {
			isa = PBXFrameworksBuildPhase;
			buildActionMask = 2147483647;
			files = (
				47D743F61A8E17DD006235A6 /* Box2D.framework in Frameworks */,
			);
			runOnlyForDeploymentPostprocessing = 0;
		};
		47F39B451A8E0D7C0011E2CB /* Frameworks */ = {
			isa = PBXFrameworksBuildPhase;
			buildActionMask = 2147483647;
			files = (
			);
			runOnlyForDeploymentPostprocessing = 0;
		};
/* End PBXFrameworksBuildPhase section */

/* Begin PBXGroup section */
		47F39B0A1A8E0D500011E2CB = {
			isa = PBXGroup;
			children = (
				47F39C3E1A8E11380011E2CB /* License.txt */,
				47F39C3F1A8E11380011E2CB /* Readme.md */,
				47F39B161A8E0D500011E2CB /* Box2D */,
				47F39B231A8E0D500011E2CB /* Box2DTests */,
				47F39B351A8E0D7B0011E2CB /* Testbed */,
				47F39B4B1A8E0D7C0011E2CB /* TestbedTests */,
				47F39B151A8E0D500011E2CB /* Products */,
			);
			sourceTree = "<group>";
		};
		47F39B151A8E0D500011E2CB /* Products */ = {
			isa = PBXGroup;
			children = (
				47F39B141A8E0D500011E2CB /* Box2D.framework */,
				47F39B1F1A8E0D500011E2CB /* Box2DTests.xctest */,
				47F39B341A8E0D7B0011E2CB /* Testbed.app */,
				47F39B481A8E0D7C0011E2CB /* TestbedTests.xctest */,
			);
			name = Products;
			sourceTree = "<group>";
		};
		47F39B161A8E0D500011E2CB /* Box2D */ = {
			isa = PBXGroup;
			children = (
				47F39B191A8E0D500011E2CB /* Box2D.h */,
				47F39B561A8E0E2D0011E2CB /* Collision */,
				47F39B651A8E0E2D0011E2CB /* Common */,
				47F39B6D1A8E0E2D0011E2CB /* Dynamics */,
				47F39B8C1A8E0E2D0011E2CB /* Rope */,
				47F39B171A8E0D500011E2CB /* Supporting Files */,
			);
			path = Box2D;
			sourceTree = "<group>";
		};
		47F39B171A8E0D500011E2CB /* Supporting Files */ = {
			isa = PBXGroup;
			children = (
				47F39B181A8E0D500011E2CB /* Info.plist */,
			);
			name = "Supporting Files";
			sourceTree = "<group>";
		};
		47F39B231A8E0D500011E2CB /* Box2DTests */ = {
			isa = PBXGroup;
			children = (
				47F39B261A8E0D500011E2CB /* Box2DTests.swift */,
				47F39B241A8E0D500011E2CB /* Supporting Files */,
			);
			path = Box2DTests;
			sourceTree = "<group>";
		};
		47F39B241A8E0D500011E2CB /* Supporting Files */ = {
			isa = PBXGroup;
			children = (
				47F39B251A8E0D500011E2CB /* Info.plist */,
			);
			name = "Supporting Files";
			sourceTree = "<group>";
		};
		47F39B351A8E0D7B0011E2CB /* Testbed */ = {
			isa = PBXGroup;
			children = (
				47F39B381A8E0D7C0011E2CB /* AppDelegate.swift */,
				47F39BC61A8E0FF70011E2CB /* MenuViewController.swift */,
				47F39BC01A8E0FF70011E2CB /* BaseViewController.swift */,
				47F39BCD1A8E0FF70011E2CB /* Tests */,
				47F39BC91A8E0FF70011E2CB /* Renderer.swift */,
				47F39BCA1A8E0FF70011E2CB /* RenderView.swift */,
				47F39BBF1A8E0FF70011E2CB /* AdditionalInfoView.swift */,
				47F39BC11A8E0FF70011E2CB /* BombLauncher.swift */,
				47F39BC21A8E0FF70011E2CB /* Helper.swift */,
				47F39BC41A8E0FF70011E2CB /* InfoView.swift */,
				47F39BFE1A8E0FF70011E2CB /* TextListViewController.swift */,
				47F39BCB1A8E0FF70011E2CB /* SettingViewController.swift */,
				47F39BC31A8E0FF70011E2CB /* HertzCell.xib */,
				47F39BC51A8E0FF70011E2CB /* IterationCell.xib */,
				47F39BCC1A8E0FF70011E2CB /* SwitchCell.xib */,
				47F39BC71A8E0FF70011E2CB /* render.fsh */,
				47F39BC81A8E0FF70011E2CB /* render.vsh */,
				47F39B3F1A8E0D7C0011E2CB /* Images.xcassets */,
				47F39B361A8E0D7C0011E2CB /* Supporting Files */,
			);
			path = Testbed;
			sourceTree = "<group>";
		};
		47F39B361A8E0D7C0011E2CB /* Supporting Files */ = {
			isa = PBXGroup;
			children = (
				47F39B371A8E0D7C0011E2CB /* Info.plist */,
			);
			name = "Supporting Files";
			sourceTree = "<group>";
		};
		47F39B4B1A8E0D7C0011E2CB /* TestbedTests */ = {
			isa = PBXGroup;
			children = (
				47F39B4E1A8E0D7C0011E2CB /* TestbedTests.swift */,
				47F39B4C1A8E0D7C0011E2CB /* Supporting Files */,
			);
			path = TestbedTests;
			sourceTree = "<group>";
		};
		47F39B4C1A8E0D7C0011E2CB /* Supporting Files */ = {
			isa = PBXGroup;
			children = (
				47F39B4D1A8E0D7C0011E2CB /* Info.plist */,
			);
			name = "Supporting Files";
			sourceTree = "<group>";
		};
		47F39B561A8E0E2D0011E2CB /* Collision */ = {
			isa = PBXGroup;
			children = (
				47F39B571A8E0E2D0011E2CB /* b2BroadPhase.swift */,
				47F39B581A8E0E2D0011E2CB /* b2CollideCircles.swift */,
				47F39B591A8E0E2D0011E2CB /* b2CollideEdge.swift */,
				47F39B5A1A8E0E2D0011E2CB /* b2CollidePolygon.swift */,
				47F39B5B1A8E0E2D0011E2CB /* b2Collision.swift */,
				47F39B5C1A8E0E2D0011E2CB /* b2Distance.swift */,
				47F39B5D1A8E0E2D0011E2CB /* b2DynamicTree.swift */,
				47F39B5E1A8E0E2D0011E2CB /* b2TimeOfImpact.swift */,
				47F39B5F1A8E0E2D0011E2CB /* Shapes */,
			);
			path = Collision;
			sourceTree = "<group>";
		};
		47F39B5F1A8E0E2D0011E2CB /* Shapes */ = {
			isa = PBXGroup;
			children = (
				47F39B601A8E0E2D0011E2CB /* b2ChainShape.swift */,
				47F39B611A8E0E2D0011E2CB /* b2CircleShape.swift */,
				47F39B621A8E0E2D0011E2CB /* b2EdgeShape.swift */,
				47F39B631A8E0E2D0011E2CB /* b2PolygonShape.swift */,
				47F39B641A8E0E2D0011E2CB /* b2Shape.swift */,
			);
			path = Shapes;
			sourceTree = "<group>";
		};
		47F39B651A8E0E2D0011E2CB /* Common */ = {
			isa = PBXGroup;
			children = (
				47F39B661A8E0E2D0011E2CB /* b2Common.swift */,
				47F39B671A8E0E2D0011E2CB /* b2Draw.swift */,
				47F39B681A8E0E2D0011E2CB /* b2GrowableStack.swift */,
				47F39B691A8E0E2D0011E2CB /* b2Math.swift */,
				47F39B6A1A8E0E2D0011E2CB /* b2Settings.swift */,
				47F39B6B1A8E0E2D0011E2CB /* b2Timer.swift */,
				47F39B6C1A8E0E2D0011E2CB /* b2Wrappers.swift */,
			);
			path = Common;
			sourceTree = "<group>";
		};
		47F39B6D1A8E0E2D0011E2CB /* Dynamics */ = {
			isa = PBXGroup;
			children = (
				47F39B6E1A8E0E2D0011E2CB /* b2Body.swift */,
				47F39B6F1A8E0E2D0011E2CB /* b2ContactManager.swift */,
				47F39B701A8E0E2D0011E2CB /* b2Fixture.swift */,
				47F39B711A8E0E2D0011E2CB /* b2Island.swift */,
				47F39B721A8E0E2D0011E2CB /* b2TimeStep.swift */,
				47F39B731A8E0E2D0011E2CB /* b2World.swift */,
				47F39B741A8E0E2D0011E2CB /* b2WorldCallbacks.swift */,
				47F39B751A8E0E2D0011E2CB /* Contacts */,
				47F39B7F1A8E0E2D0011E2CB /* Joints */,
			);
			path = Dynamics;
			sourceTree = "<group>";
		};
		47F39B751A8E0E2D0011E2CB /* Contacts */ = {
			isa = PBXGroup;
			children = (
				47F39B761A8E0E2D0011E2CB /* b2ChainAndCircleContact.swift */,
				47F39B771A8E0E2D0011E2CB /* b2ChainAndPolygonContact.swift */,
				47F39B781A8E0E2D0011E2CB /* b2CircleContact.swift */,
				47F39B791A8E0E2D0011E2CB /* b2Contact.swift */,
				47F39B7A1A8E0E2D0011E2CB /* b2ContactSolver.swift */,
				47F39B7B1A8E0E2D0011E2CB /* b2EdgeAndCircleContact.swift */,
				47F39B7C1A8E0E2D0011E2CB /* b2EdgeAndPolygonContact.swift */,
				47F39B7D1A8E0E2D0011E2CB /* b2PolygonAndCircleContact.swift */,
				47F39B7E1A8E0E2D0011E2CB /* b2PolygonContact.swift */,
			);
			path = Contacts;
			sourceTree = "<group>";
		};
		47F39B7F1A8E0E2D0011E2CB /* Joints */ = {
			isa = PBXGroup;
			children = (
				47F39B801A8E0E2D0011E2CB /* b2DistanceJoint.swift */,
				47F39B811A8E0E2D0011E2CB /* b2FrictionJoint.swift */,
				47F39B821A8E0E2D0011E2CB /* b2GearJoint.swift */,
				47F39B831A8E0E2D0011E2CB /* b2Joint.swift */,
				47F39B841A8E0E2D0011E2CB /* b2MotorJoint.swift */,
				47F39B851A8E0E2D0011E2CB /* b2MouseJoint.swift */,
				47F39B861A8E0E2D0011E2CB /* b2PrismaticJoint.swift */,
				47F39B871A8E0E2D0011E2CB /* b2PulleyJoint.swift */,
				47F39B881A8E0E2D0011E2CB /* b2RevoluteJoint.swift */,
				47F39B891A8E0E2D0011E2CB /* b2RopeJoint.swift */,
				47F39B8A1A8E0E2D0011E2CB /* b2WeldJoint.swift */,
				47F39B8B1A8E0E2D0011E2CB /* b2WheelJoint.swift */,
			);
			path = Joints;
			sourceTree = "<group>";
		};
		47F39B8C1A8E0E2D0011E2CB /* Rope */ = {
			isa = PBXGroup;
			children = (
				47F39B8D1A8E0E2D0011E2CB /* b2Rope.swift */,
			);
			path = Rope;
			sourceTree = "<group>";
		};
		47F39BCD1A8E0FF70011E2CB /* Tests */ = {
			isa = PBXGroup;
			children = (
				47F39BCE1A8E0FF70011E2CB /* AddPairViewController.swift */,
				47F39BCF1A8E0FF70011E2CB /* ApplyForceViewController.swift */,
				47F39BD01A8E0FF70011E2CB /* BodyTypesViewController.swift */,
				47F39BD11A8E0FF70011E2CB /* BreakableViewController.swift */,
				47F39BD21A8E0FF70011E2CB /* BridgeViewController.swift */,
				47F39BD31A8E0FF70011E2CB /* BulletTestViewController.swift */,
				47F39BD41A8E0FF70011E2CB /* CantileverViewController.swift */,
				47F39BD51A8E0FF70011E2CB /* CarViewController.swift */,
				47F39BD61A8E0FF70011E2CB /* ChainViewController.swift */,
				47F39BD71A8E0FF70011E2CB /* CharacterCollisionViewController.swift */,
				47F39BD81A8E0FF70011E2CB /* CollisionFilteringViewController.swift */,
				47F39BD91A8E0FF70011E2CB /* CollisionProcessingViewController.swift */,
				47F39BDA1A8E0FF70011E2CB /* CompoundShapesViewController.swift */,
				47F39BDB1A8E0FF70011E2CB /* ConfinedViewController.swift */,
				47F39BDC1A8E0FF70011E2CB /* ContinuousTestViewController.swift */,
				47F39BDD1A8E0FF70011E2CB /* ConveyorBeltViewController.swift */,
				47F39BDE1A8E0FF70011E2CB /* DistanceTestViewController.swift */,
				47F39BDF1A8E0FF70011E2CB /* DominosViewController.swift */,
				47F39BE01A8E0FF70011E2CB /* DumpShellViewController.swift */,
				47F39BE11A8E0FF70011E2CB /* DynamicTreeTestViewController.swift */,
				47F39BE21A8E0FF70011E2CB /* EdgeShapesViewController.swift */,
				47F39BE31A8E0FF70011E2CB /* EdgeTestViewController.swift */,
				47F39BE41A8E0FF70011E2CB /* GearViewController.swift */,
				47F39BE51A8E0FF70011E2CB /* MobileBalancedViewController.swift */,
				47F39BE61A8E0FF70011E2CB /* MobileViewController.swift */,
				47F39BE71A8E0FF70011E2CB /* MotorJointViewController.swift */,
				47F39BE81A8E0FF70011E2CB /* OneSidedPlatformViewController.swift */,
				47F39BE91A8E0FF70011E2CB /* PinballViewController.swift */,
				47F39BEA1A8E0FF70011E2CB /* PolyCollisionViewController.swift */,
				47F39BEB1A8E0FF70011E2CB /* PolyShapesViewController.swift */,
				47F39BEC1A8E0FF70011E2CB /* PrismaticViewController.swift */,
				47F39BED1A8E0FF70011E2CB /* PulleysViewController.swift */,
				47F39BEE1A8E0FF70011E2CB /* PyramidViewController.swift */,
				47F39BEF1A8E0FF70011E2CB /* RayCastViewController.swift */,
				47F39BF01A8E0FF70011E2CB /* RevoluteViewController.swift */,
				47F39BF11A8E0FF70011E2CB /* RopeJointViewController.swift */,
				47F39BF21A8E0FF70011E2CB /* SensorTestViewController.swift */,
				47F39BF31A8E0FF70011E2CB /* ShapeEditingViewController.swift */,
				47F39BF41A8E0FF70011E2CB /* SliderCrankViewController.swift */,
				47F39BF51A8E0FF70011E2CB /* SphereStackViewController.swift */,
				47F39BF61A8E0FF70011E2CB /* TheoJansenViewController.swift */,
				47F39BF71A8E0FF70011E2CB /* TilesViewController.swift */,
				47F39BF81A8E0FF70011E2CB /* TimeOfImpactViewController.swift */,
				47F39BF91A8E0FF70011E2CB /* TumblerViewController.swift */,
				47F39BFA1A8E0FF70011E2CB /* VaryingFrictionViewController.swift */,
				47F39BFB1A8E0FF70011E2CB /* VaryingRestitutionViewController.swift */,
				47F39BFC1A8E0FF70011E2CB /* VerticalStackViewController.swift */,
				47F39BFD1A8E0FF70011E2CB /* WebViewController.swift */,
			);
			path = Tests;
			sourceTree = "<group>";
		};
/* End PBXGroup section */

/* Begin PBXHeadersBuildPhase section */
		47F39B111A8E0D500011E2CB /* Headers */ = {
			isa = PBXHeadersBuildPhase;
			buildActionMask = 2147483647;
			files = (
				47F39B1A1A8E0D500011E2CB /* Box2D.h in Headers */,
			);
			runOnlyForDeploymentPostprocessing = 0;
		};
/* End PBXHeadersBuildPhase section */

/* Begin PBXNativeTarget section */
		47F39B131A8E0D500011E2CB /* Box2D */ = {
			isa = PBXNativeTarget;
			buildConfigurationList = 47F39B2A1A8E0D500011E2CB /* Build configuration list for PBXNativeTarget "Box2D" */;
			buildPhases = (
				47F39B0F1A8E0D500011E2CB /* Sources */,
				47F39B101A8E0D500011E2CB /* Frameworks */,
				47F39B111A8E0D500011E2CB /* Headers */,
				47F39B121A8E0D500011E2CB /* Resources */,
			);
			buildRules = (
			);
			dependencies = (
			);
			name = Box2D;
			productName = Box2D;
			productReference = 47F39B141A8E0D500011E2CB /* Box2D.framework */;
			productType = "com.apple.product-type.framework";
		};
		47F39B1E1A8E0D500011E2CB /* Box2DTests */ = {
			isa = PBXNativeTarget;
			buildConfigurationList = 47F39B2D1A8E0D500011E2CB /* Build configuration list for PBXNativeTarget "Box2DTests" */;
			buildPhases = (
				47F39B1B1A8E0D500011E2CB /* Sources */,
				47F39B1C1A8E0D500011E2CB /* Frameworks */,
				47F39B1D1A8E0D500011E2CB /* Resources */,
			);
			buildRules = (
			);
			dependencies = (
				47F39B221A8E0D500011E2CB /* PBXTargetDependency */,
			);
			name = Box2DTests;
			productName = Box2DTests;
			productReference = 47F39B1F1A8E0D500011E2CB /* Box2DTests.xctest */;
			productType = "com.apple.product-type.bundle.unit-test";
		};
		47F39B331A8E0D7B0011E2CB /* Testbed */ = {
			isa = PBXNativeTarget;
			buildConfigurationList = 47F39B501A8E0D7C0011E2CB /* Build configuration list for PBXNativeTarget "Testbed" */;
			buildPhases = (
				47F39B301A8E0D7B0011E2CB /* Sources */,
				47F39B311A8E0D7B0011E2CB /* Frameworks */,
				47F39B321A8E0D7B0011E2CB /* Resources */,
				47D743FA1A8E17DD006235A6 /* Embed Frameworks */,
			);
			buildRules = (
			);
			dependencies = (
				47D743F91A8E17DD006235A6 /* PBXTargetDependency */,
			);
			name = Testbed;
			productName = Testbed;
			productReference = 47F39B341A8E0D7B0011E2CB /* Testbed.app */;
			productType = "com.apple.product-type.application";
		};
		47F39B471A8E0D7C0011E2CB /* TestbedTests */ = {
			isa = PBXNativeTarget;
			buildConfigurationList = 47F39B531A8E0D7C0011E2CB /* Build configuration list for PBXNativeTarget "TestbedTests" */;
			buildPhases = (
				47F39B441A8E0D7C0011E2CB /* Sources */,
				47F39B451A8E0D7C0011E2CB /* Frameworks */,
				47F39B461A8E0D7C0011E2CB /* Resources */,
			);
			buildRules = (
			);
			dependencies = (
				47F39B4A1A8E0D7C0011E2CB /* PBXTargetDependency */,
			);
			name = TestbedTests;
			productName = TestbedTests;
			productReference = 47F39B481A8E0D7C0011E2CB /* TestbedTests.xctest */;
			productType = "com.apple.product-type.bundle.unit-test";
		};
/* End PBXNativeTarget section */

/* Begin PBXProject section */
		47F39B0B1A8E0D500011E2CB /* Project object */ = {
			isa = PBXProject;
			attributes = {
				LastUpgradeCheck = 0630;
				ORGANIZATIONNAME = "CX5 SOFTWARE";
				TargetAttributes = {
					47F39B131A8E0D500011E2CB = {
						CreatedOnToolsVersion = 6.3;
					};
					47F39B1E1A8E0D500011E2CB = {
						CreatedOnToolsVersion = 6.3;
					};
					47F39B331A8E0D7B0011E2CB = {
						CreatedOnToolsVersion = 6.3;
					};
					47F39B471A8E0D7C0011E2CB = {
						CreatedOnToolsVersion = 6.3;
						TestTargetID = 47F39B331A8E0D7B0011E2CB;
					};
				};
			};
			buildConfigurationList = 47F39B0E1A8E0D500011E2CB /* Build configuration list for PBXProject "Box2D" */;
			compatibilityVersion = "Xcode 3.2";
			developmentRegion = English;
			hasScannedForEncodings = 0;
			knownRegions = (
				en,
				Base,
			);
			mainGroup = 47F39B0A1A8E0D500011E2CB;
			productRefGroup = 47F39B151A8E0D500011E2CB /* Products */;
			projectDirPath = "";
			projectRoot = "";
			targets = (
				47F39B131A8E0D500011E2CB /* Box2D */,
				47F39B1E1A8E0D500011E2CB /* Box2DTests */,
				47F39B331A8E0D7B0011E2CB /* Testbed */,
				47F39B471A8E0D7C0011E2CB /* TestbedTests */,
			);
		};
/* End PBXProject section */

/* Begin PBXResourcesBuildPhase section */
		47F39B121A8E0D500011E2CB /* Resources */ = {
			isa = PBXResourcesBuildPhase;
			buildActionMask = 2147483647;
			files = (
			);
			runOnlyForDeploymentPostprocessing = 0;
		};
		47F39B1D1A8E0D500011E2CB /* Resources */ = {
			isa = PBXResourcesBuildPhase;
			buildActionMask = 2147483647;
			files = (
			);
			runOnlyForDeploymentPostprocessing = 0;
		};
		47F39B321A8E0D7B0011E2CB /* Resources */ = {
			isa = PBXResourcesBuildPhase;
			buildActionMask = 2147483647;
			files = (
				47F39B401A8E0D7C0011E2CB /* Images.xcassets in Resources */,
				47F39C071A8E0FF70011E2CB /* render.fsh in Resources */,
				47F39C051A8E0FF70011E2CB /* IterationCell.xib in Resources */,
				47F39C031A8E0FF70011E2CB /* HertzCell.xib in Resources */,
				47F39C081A8E0FF70011E2CB /* render.vsh in Resources */,
				47F39C401A8E11380011E2CB /* License.txt in Resources */,
				47F39C0C1A8E0FF70011E2CB /* SwitchCell.xib in Resources */,
			);
			runOnlyForDeploymentPostprocessing = 0;
		};
		47F39B461A8E0D7C0011E2CB /* Resources */ = {
			isa = PBXResourcesBuildPhase;
			buildActionMask = 2147483647;
			files = (
			);
			runOnlyForDeploymentPostprocessing = 0;
		};
/* End PBXResourcesBuildPhase section */

/* Begin PBXSourcesBuildPhase section */
		47F39B0F1A8E0D500011E2CB /* Sources */ = {
			isa = PBXSourcesBuildPhase;
			buildActionMask = 2147483647;
			files = (
				47F39BAE1A8E0E2D0011E2CB /* b2EdgeAndCircleContact.swift in Sources */,
				47F39BA31A8E0E2D0011E2CB /* b2ContactManager.swift in Sources */,
				47F39B9B1A8E0E2D0011E2CB /* b2Common.swift in Sources */,
				47F39BA71A8E0E2D0011E2CB /* b2World.swift in Sources */,
				47F39BB71A8E0E2D0011E2CB /* b2MouseJoint.swift in Sources */,
				47F39B9E1A8E0E2D0011E2CB /* b2Math.swift in Sources */,
				47F39BB41A8E0E2D0011E2CB /* b2GearJoint.swift in Sources */,
				47F39BB21A8E0E2D0011E2CB /* b2DistanceJoint.swift in Sources */,
				47F39BBC1A8E0E2D0011E2CB /* b2WeldJoint.swift in Sources */,
				47F39BA91A8E0E2D0011E2CB /* b2ChainAndCircleContact.swift in Sources */,
				47F39BBD1A8E0E2D0011E2CB /* b2WheelJoint.swift in Sources */,
				47F39BB51A8E0E2D0011E2CB /* b2Joint.swift in Sources */,
				47F39B941A8E0E2D0011E2CB /* b2DynamicTree.swift in Sources */,
				47F39B901A8E0E2D0011E2CB /* b2CollideEdge.swift in Sources */,
				47F39BBE1A8E0E2D0011E2CB /* b2Rope.swift in Sources */,
				47F39B911A8E0E2D0011E2CB /* b2CollidePolygon.swift in Sources */,
				47F39BB11A8E0E2D0011E2CB /* b2PolygonContact.swift in Sources */,
				47F39B961A8E0E2D0011E2CB /* b2ChainShape.swift in Sources */,
				47F39B8F1A8E0E2D0011E2CB /* b2CollideCircles.swift in Sources */,
				47F39BA51A8E0E2D0011E2CB /* b2Island.swift in Sources */,
				47F39BB81A8E0E2D0011E2CB /* b2PrismaticJoint.swift in Sources */,
				47F39BAD1A8E0E2D0011E2CB /* b2ContactSolver.swift in Sources */,
				47F39BA11A8E0E2D0011E2CB /* b2Wrappers.swift in Sources */,
				47F39BB31A8E0E2D0011E2CB /* b2FrictionJoint.swift in Sources */,
				47F39B981A8E0E2D0011E2CB /* b2EdgeShape.swift in Sources */,
				47F39BA41A8E0E2D0011E2CB /* b2Fixture.swift in Sources */,
				47F39B971A8E0E2D0011E2CB /* b2CircleShape.swift in Sources */,
				47F39B8E1A8E0E2D0011E2CB /* b2BroadPhase.swift in Sources */,
				47F39BB91A8E0E2D0011E2CB /* b2PulleyJoint.swift in Sources */,
				47F39BA81A8E0E2D0011E2CB /* b2WorldCallbacks.swift in Sources */,
				47F39B9F1A8E0E2D0011E2CB /* b2Settings.swift in Sources */,
				47F39BA21A8E0E2D0011E2CB /* b2Body.swift in Sources */,
				47F39B9C1A8E0E2D0011E2CB /* b2Draw.swift in Sources */,
				47F39B9A1A8E0E2D0011E2CB /* b2Shape.swift in Sources */,
				47F39BB01A8E0E2D0011E2CB /* b2PolygonAndCircleContact.swift in Sources */,
				47F39B991A8E0E2D0011E2CB /* b2PolygonShape.swift in Sources */,
				47F39BAB1A8E0E2D0011E2CB /* b2CircleContact.swift in Sources */,
				47F39BA61A8E0E2D0011E2CB /* b2TimeStep.swift in Sources */,
				47F39BB61A8E0E2D0011E2CB /* b2MotorJoint.swift in Sources */,
				47F39BAF1A8E0E2D0011E2CB /* b2EdgeAndPolygonContact.swift in Sources */,
				47F39B951A8E0E2D0011E2CB /* b2TimeOfImpact.swift in Sources */,
				47F39BBB1A8E0E2D0011E2CB /* b2RopeJoint.swift in Sources */,
				47F39BAC1A8E0E2D0011E2CB /* b2Contact.swift in Sources */,
				47F39BA01A8E0E2D0011E2CB /* b2Timer.swift in Sources */,
				47F39B9D1A8E0E2D0011E2CB /* b2GrowableStack.swift in Sources */,
				47F39B931A8E0E2D0011E2CB /* b2Distance.swift in Sources */,
				47F39B921A8E0E2D0011E2CB /* b2Collision.swift in Sources */,
				47F39BAA1A8E0E2D0011E2CB /* b2ChainAndPolygonContact.swift in Sources */,
				47F39BBA1A8E0E2D0011E2CB /* b2RevoluteJoint.swift in Sources */,
			);
			runOnlyForDeploymentPostprocessing = 0;
		};
		47F39B1B1A8E0D500011E2CB /* Sources */ = {
			isa = PBXSourcesBuildPhase;
			buildActionMask = 2147483647;
			files = (
				47F39B271A8E0D500011E2CB /* Box2DTests.swift in Sources */,
			);
			runOnlyForDeploymentPostprocessing = 0;
		};
		47F39B301A8E0D7B0011E2CB /* Sources */ = {
			isa = PBXSourcesBuildPhase;
			buildActionMask = 2147483647;
			files = (
				47F39C2E1A8E0FF70011E2CB /* RayCastViewController.swift in Sources */,
				47F39C2A1A8E0FF70011E2CB /* PolyShapesViewController.swift in Sources */,
				47F39C3A1A8E0FF70011E2CB /* VaryingRestitutionViewController.swift in Sources */,
				47F39C121A8E0FF70011E2CB /* BulletTestViewController.swift in Sources */,
				47F39C151A8E0FF70011E2CB /* ChainViewController.swift in Sources */,
				47F39C391A8E0FF70011E2CB /* VaryingFrictionViewController.swift in Sources */,
				47F39C1E1A8E0FF70011E2CB /* DominosViewController.swift in Sources */,
				47F39C281A8E0FF70011E2CB /* PinballViewController.swift in Sources */,
				47F39C141A8E0FF70011E2CB /* CarViewController.swift in Sources */,
				47F39C0D1A8E0FF70011E2CB /* AddPairViewController.swift in Sources */,
				47F39C1A1A8E0FF70011E2CB /* ConfinedViewController.swift in Sources */,
				47F39C1B1A8E0FF70011E2CB /* ContinuousTestViewController.swift in Sources */,
				47F39C111A8E0FF70011E2CB /* BridgeViewController.swift in Sources */,
				47F39C2F1A8E0FF70011E2CB /* RevoluteViewController.swift in Sources */,
				47F39C0E1A8E0FF70011E2CB /* ApplyForceViewController.swift in Sources */,
				47F39C091A8E0FF70011E2CB /* Renderer.swift in Sources */,
				47F39C321A8E0FF70011E2CB /* ShapeEditingViewController.swift in Sources */,
				47F39B391A8E0D7C0011E2CB /* AppDelegate.swift in Sources */,
				47F39C221A8E0FF70011E2CB /* EdgeTestViewController.swift in Sources */,
				47F39C181A8E0FF70011E2CB /* CollisionProcessingViewController.swift in Sources */,
				47F39C171A8E0FF70011E2CB /* CollisionFilteringViewController.swift in Sources */,
				47F39C3B1A8E0FF70011E2CB /* VerticalStackViewController.swift in Sources */,
				47F39C0F1A8E0FF70011E2CB /* BodyTypesViewController.swift in Sources */,
				47F39C2B1A8E0FF70011E2CB /* PrismaticViewController.swift in Sources */,
				47F39C0A1A8E0FF70011E2CB /* RenderView.swift in Sources */,
				47F39C3D1A8E0FF70011E2CB /* TextListViewController.swift in Sources */,
				47F39C381A8E0FF70011E2CB /* TumblerViewController.swift in Sources */,
				47F39C2D1A8E0FF70011E2CB /* PyramidViewController.swift in Sources */,
				47F39BFF1A8E0FF70011E2CB /* AdditionalInfoView.swift in Sources */,
				47F39C301A8E0FF70011E2CB /* RopeJointViewController.swift in Sources */,
				47F39C021A8E0FF70011E2CB /* Helper.swift in Sources */,
				47F39C351A8E0FF70011E2CB /* TheoJansenViewController.swift in Sources */,
				47F39C131A8E0FF70011E2CB /* CantileverViewController.swift in Sources */,
				47F39C361A8E0FF70011E2CB /* TilesViewController.swift in Sources */,
				47F39C161A8E0FF70011E2CB /* CharacterCollisionViewController.swift in Sources */,
				47F39C2C1A8E0FF70011E2CB /* PulleysViewController.swift in Sources */,
				47F39C311A8E0FF70011E2CB /* SensorTestViewController.swift in Sources */,
				47F39C241A8E0FF70011E2CB /* MobileBalancedViewController.swift in Sources */,
				47F39C0B1A8E0FF70011E2CB /* SettingViewController.swift in Sources */,
				47F39C211A8E0FF70011E2CB /* EdgeShapesViewController.swift in Sources */,
				47F39C061A8E0FF70011E2CB /* MenuViewController.swift in Sources */,
				47F39C1F1A8E0FF70011E2CB /* DumpShellViewController.swift in Sources */,
				47F39C101A8E0FF70011E2CB /* BreakableViewController.swift in Sources */,
				47F39C231A8E0FF70011E2CB /* GearViewController.swift in Sources */,
				47F39C271A8E0FF70011E2CB /* OneSidedPlatformViewController.swift in Sources */,
				47F39C001A8E0FF70011E2CB /* BaseViewController.swift in Sources */,
				47F39C291A8E0FF70011E2CB /* PolyCollisionViewController.swift in Sources */,
				47F39C1D1A8E0FF70011E2CB /* DistanceTestViewController.swift in Sources */,
				47F39C041A8E0FF70011E2CB /* InfoView.swift in Sources */,
				47F39C251A8E0FF70011E2CB /* MobileViewController.swift in Sources */,
				47F39C3C1A8E0FF70011E2CB /* WebViewController.swift in Sources */,
				47F39C191A8E0FF70011E2CB /* CompoundShapesViewController.swift in Sources */,
				47F39C371A8E0FF70011E2CB /* TimeOfImpactViewController.swift in Sources */,
				47F39C1C1A8E0FF70011E2CB /* ConveyorBeltViewController.swift in Sources */,
				47F39C261A8E0FF70011E2CB /* MotorJointViewController.swift in Sources */,
				47F39C201A8E0FF70011E2CB /* DynamicTreeTestViewController.swift in Sources */,
				47F39C011A8E0FF70011E2CB /* BombLauncher.swift in Sources */,
				47F39C341A8E0FF70011E2CB /* SphereStackViewController.swift in Sources */,
				47F39C331A8E0FF70011E2CB /* SliderCrankViewController.swift in Sources */,
			);
			runOnlyForDeploymentPostprocessing = 0;
		};
		47F39B441A8E0D7C0011E2CB /* Sources */ = {
			isa = PBXSourcesBuildPhase;
			buildActionMask = 2147483647;
			files = (
				47F39B4F1A8E0D7C0011E2CB /* TestbedTests.swift in Sources */,
			);
			runOnlyForDeploymentPostprocessing = 0;
		};
/* End PBXSourcesBuildPhase section */

/* Begin PBXTargetDependency section */
		47D743F91A8E17DD006235A6 /* PBXTargetDependency */ = {
			isa = PBXTargetDependency;
			target = 47F39B131A8E0D500011E2CB /* Box2D */;
			targetProxy = 47D743F81A8E17DD006235A6 /* PBXContainerItemProxy */;
		};
		47F39B221A8E0D500011E2CB /* PBXTargetDependency */ = {
			isa = PBXTargetDependency;
			target = 47F39B131A8E0D500011E2CB /* Box2D */;
			targetProxy = 47F39B211A8E0D500011E2CB /* PBXContainerItemProxy */;
		};
		47F39B4A1A8E0D7C0011E2CB /* PBXTargetDependency */ = {
			isa = PBXTargetDependency;
			target = 47F39B331A8E0D7B0011E2CB /* Testbed */;
			targetProxy = 47F39B491A8E0D7C0011E2CB /* PBXContainerItemProxy */;
		};
/* End PBXTargetDependency section */

/* Begin XCBuildConfiguration section */
		47F39B281A8E0D500011E2CB /* Debug */ = {
			isa = XCBuildConfiguration;
			buildSettings = {
				ALWAYS_SEARCH_USER_PATHS = NO;
				CLANG_CXX_LANGUAGE_STANDARD = "gnu++0x";
				CLANG_CXX_LIBRARY = "libc++";
				CLANG_ENABLE_MODULES = YES;
				CLANG_ENABLE_OBJC_ARC = YES;
				CLANG_WARN_BOOL_CONVERSION = YES;
				CLANG_WARN_CONSTANT_CONVERSION = YES;
				CLANG_WARN_DIRECT_OBJC_ISA_USAGE = YES_ERROR;
				CLANG_WARN_EMPTY_BODY = YES;
				CLANG_WARN_ENUM_CONVERSION = YES;
				CLANG_WARN_INT_CONVERSION = YES;
				CLANG_WARN_OBJC_ROOT_CLASS = YES_ERROR;
				CLANG_WARN_UNREACHABLE_CODE = YES;
				CLANG_WARN__DUPLICATE_METHOD_MATCH = YES;
				"CODE_SIGN_IDENTITY[sdk=iphoneos*]" = "iPhone Developer";
				COPY_PHASE_STRIP = NO;
				CURRENT_PROJECT_VERSION = 1;
				DEBUG_INFORMATION_FORMAT = dwarf;
				ENABLE_STRICT_OBJC_MSGSEND = YES;
				GCC_C_LANGUAGE_STANDARD = gnu99;
				GCC_DYNAMIC_NO_PIC = NO;
				GCC_OPTIMIZATION_LEVEL = 0;
				GCC_PREPROCESSOR_DEFINITIONS = (
					"DEBUG=1",
					"$(inherited)",
				);
				GCC_SYMBOLS_PRIVATE_EXTERN = NO;
				GCC_WARN_64_TO_32_BIT_CONVERSION = YES;
				GCC_WARN_ABOUT_RETURN_TYPE = YES_ERROR;
				GCC_WARN_UNDECLARED_SELECTOR = YES;
				GCC_WARN_UNINITIALIZED_AUTOS = YES_AGGRESSIVE;
				GCC_WARN_UNUSED_FUNCTION = YES;
				GCC_WARN_UNUSED_VARIABLE = YES;
				IPHONEOS_DEPLOYMENT_TARGET = 8.1;
				MTL_ENABLE_DEBUG_INFO = YES;
				ONLY_ACTIVE_ARCH = YES;
				SDKROOT = iphoneos;
				SWIFT_OPTIMIZATION_LEVEL = "-Onone";
				TARGETED_DEVICE_FAMILY = "1,2";
				VERSIONING_SYSTEM = "apple-generic";
				VERSION_INFO_PREFIX = "";
			};
			name = Debug;
		};
		47F39B291A8E0D500011E2CB /* Release */ = {
			isa = XCBuildConfiguration;
			buildSettings = {
				ALWAYS_SEARCH_USER_PATHS = NO;
				CLANG_CXX_LANGUAGE_STANDARD = "gnu++0x";
				CLANG_CXX_LIBRARY = "libc++";
				CLANG_ENABLE_MODULES = YES;
				CLANG_ENABLE_OBJC_ARC = YES;
				CLANG_WARN_BOOL_CONVERSION = YES;
				CLANG_WARN_CONSTANT_CONVERSION = YES;
				CLANG_WARN_DIRECT_OBJC_ISA_USAGE = YES_ERROR;
				CLANG_WARN_EMPTY_BODY = YES;
				CLANG_WARN_ENUM_CONVERSION = YES;
				CLANG_WARN_INT_CONVERSION = YES;
				CLANG_WARN_OBJC_ROOT_CLASS = YES_ERROR;
				CLANG_WARN_UNREACHABLE_CODE = YES;
				CLANG_WARN__DUPLICATE_METHOD_MATCH = YES;
				"CODE_SIGN_IDENTITY[sdk=iphoneos*]" = "iPhone Developer";
				COPY_PHASE_STRIP = NO;
				CURRENT_PROJECT_VERSION = 1;
				DEBUG_INFORMATION_FORMAT = "dwarf-with-dsym";
				ENABLE_NS_ASSERTIONS = NO;
				ENABLE_STRICT_OBJC_MSGSEND = YES;
				GCC_C_LANGUAGE_STANDARD = gnu99;
				GCC_WARN_64_TO_32_BIT_CONVERSION = YES;
				GCC_WARN_ABOUT_RETURN_TYPE = YES_ERROR;
				GCC_WARN_UNDECLARED_SELECTOR = YES;
				GCC_WARN_UNINITIALIZED_AUTOS = YES_AGGRESSIVE;
				GCC_WARN_UNUSED_FUNCTION = YES;
				GCC_WARN_UNUSED_VARIABLE = YES;
				IPHONEOS_DEPLOYMENT_TARGET = 8.1;
				MTL_ENABLE_DEBUG_INFO = NO;
				SDKROOT = iphoneos;
				TARGETED_DEVICE_FAMILY = "1,2";
				VALIDATE_PRODUCT = YES;
				VERSIONING_SYSTEM = "apple-generic";
				VERSION_INFO_PREFIX = "";
			};
			name = Release;
		};
		47F39B2B1A8E0D500011E2CB /* Debug */ = {
			isa = XCBuildConfiguration;
			buildSettings = {
				DEFINES_MODULE = YES;
				DYLIB_COMPATIBILITY_VERSION = 1;
				DYLIB_CURRENT_VERSION = 1;
				DYLIB_INSTALL_NAME_BASE = "@rpath";
				INFOPLIST_FILE = Box2D/Info.plist;
				INSTALL_PATH = "$(LOCAL_LIBRARY_DIR)/Frameworks";
				LD_RUNPATH_SEARCH_PATHS = "$(inherited) @executable_path/Frameworks @loader_path/Frameworks";
				PRODUCT_NAME = "$(TARGET_NAME)";
				SKIP_INSTALL = YES;
			};
			name = Debug;
		};
		47F39B2C1A8E0D500011E2CB /* Release */ = {
			isa = XCBuildConfiguration;
			buildSettings = {
				DEFINES_MODULE = YES;
				DYLIB_COMPATIBILITY_VERSION = 1;
				DYLIB_CURRENT_VERSION = 1;
				DYLIB_INSTALL_NAME_BASE = "@rpath";
				INFOPLIST_FILE = Box2D/Info.plist;
				INSTALL_PATH = "$(LOCAL_LIBRARY_DIR)/Frameworks";
				LD_RUNPATH_SEARCH_PATHS = "$(inherited) @executable_path/Frameworks @loader_path/Frameworks";
				PRODUCT_NAME = "$(TARGET_NAME)";
				SKIP_INSTALL = YES;
			};
			name = Release;
		};
		47F39B2E1A8E0D500011E2CB /* Debug */ = {
			isa = XCBuildConfiguration;
			buildSettings = {
				FRAMEWORK_SEARCH_PATHS = (
					"$(SDKROOT)/Developer/Library/Frameworks",
					"$(inherited)",
				);
				GCC_PREPROCESSOR_DEFINITIONS = (
					"DEBUG=1",
					"$(inherited)",
				);
				INFOPLIST_FILE = Box2DTests/Info.plist;
				LD_RUNPATH_SEARCH_PATHS = "$(inherited) @executable_path/Frameworks @loader_path/Frameworks";
				PRODUCT_NAME = "$(TARGET_NAME)";
			};
			name = Debug;
		};
		47F39B2F1A8E0D500011E2CB /* Release */ = {
			isa = XCBuildConfiguration;
			buildSettings = {
				FRAMEWORK_SEARCH_PATHS = (
					"$(SDKROOT)/Developer/Library/Frameworks",
					"$(inherited)",
				);
				INFOPLIST_FILE = Box2DTests/Info.plist;
				LD_RUNPATH_SEARCH_PATHS = "$(inherited) @executable_path/Frameworks @loader_path/Frameworks";
				PRODUCT_NAME = "$(TARGET_NAME)";
			};
			name = Release;
		};
		47F39B511A8E0D7C0011E2CB /* Debug */ = {
			isa = XCBuildConfiguration;
			buildSettings = {
				ASSETCATALOG_COMPILER_APPICON_NAME = AppIcon;
				EMBEDDED_CONTENT_CONTAINS_SWIFT = YES;
				GCC_PREPROCESSOR_DEFINITIONS = (
					"DEBUG=1",
					"$(inherited)",
				);
				INFOPLIST_FILE = Testbed/Info.plist;
				LD_RUNPATH_SEARCH_PATHS = "$(inherited) @executable_path/Frameworks";
				PRODUCT_NAME = "$(TARGET_NAME)";
			};
			name = Debug;
		};
		47F39B521A8E0D7C0011E2CB /* Release */ = {
			isa = XCBuildConfiguration;
			buildSettings = {
				ASSETCATALOG_COMPILER_APPICON_NAME = AppIcon;
				EMBEDDED_CONTENT_CONTAINS_SWIFT = YES;
				INFOPLIST_FILE = Testbed/Info.plist;
				LD_RUNPATH_SEARCH_PATHS = "$(inherited) @executable_path/Frameworks";
				PRODUCT_NAME = "$(TARGET_NAME)";
				SWIFT_WHOLE_MODULE_OPTIMIZATION = YES;
			};
			name = Release;
		};
		47F39B541A8E0D7C0011E2CB /* Debug */ = {
			isa = XCBuildConfiguration;
			buildSettings = {
				BUNDLE_LOADER = "$(TEST_HOST)";
				FRAMEWORK_SEARCH_PATHS = (
					"$(SDKROOT)/Developer/Library/Frameworks",
					"$(inherited)",
				);
				GCC_PREPROCESSOR_DEFINITIONS = (
					"DEBUG=1",
					"$(inherited)",
				);
				INFOPLIST_FILE = TestbedTests/Info.plist;
				LD_RUNPATH_SEARCH_PATHS = "$(inherited) @executable_path/Frameworks @loader_path/Frameworks";
				PRODUCT_NAME = "$(TARGET_NAME)";
				TEST_HOST = "$(BUILT_PRODUCTS_DIR)/Testbed.app/Testbed";
			};
			name = Debug;
		};
		47F39B551A8E0D7C0011E2CB /* Release */ = {
			isa = XCBuildConfiguration;
			buildSettings = {
				BUNDLE_LOADER = "$(TEST_HOST)";
				FRAMEWORK_SEARCH_PATHS = (
					"$(SDKROOT)/Developer/Library/Frameworks",
					"$(inherited)",
				);
				INFOPLIST_FILE = TestbedTests/Info.plist;
				LD_RUNPATH_SEARCH_PATHS = "$(inherited) @executable_path/Frameworks @loader_path/Frameworks";
				PRODUCT_NAME = "$(TARGET_NAME)";
				TEST_HOST = "$(BUILT_PRODUCTS_DIR)/Testbed.app/Testbed";
			};
			name = Release;
		};
/* End XCBuildConfiguration section */

/* Begin XCConfigurationList section */
		47F39B0E1A8E0D500011E2CB /* Build configuration list for PBXProject "Box2D" */ = {
			isa = XCConfigurationList;
			buildConfigurations = (
				47F39B281A8E0D500011E2CB /* Debug */,
				47F39B291A8E0D500011E2CB /* Release */,
			);
			defaultConfigurationIsVisible = 0;
			defaultConfigurationName = Release;
		};
		47F39B2A1A8E0D500011E2CB /* Build configuration list for PBXNativeTarget "Box2D" */ = {
			isa = XCConfigurationList;
			buildConfigurations = (
				47F39B2B1A8E0D500011E2CB /* Debug */,
				47F39B2C1A8E0D500011E2CB /* Release */,
			);
			defaultConfigurationIsVisible = 0;
			defaultConfigurationName = Release;
		};
		47F39B2D1A8E0D500011E2CB /* Build configuration list for PBXNativeTarget "Box2DTests" */ = {
			isa = XCConfigurationList;
			buildConfigurations = (
				47F39B2E1A8E0D500011E2CB /* Debug */,
				47F39B2F1A8E0D500011E2CB /* Release */,
			);
			defaultConfigurationIsVisible = 0;
			defaultConfigurationName = Release;
		};
		47F39B501A8E0D7C0011E2CB /* Build configuration list for PBXNativeTarget "Testbed" */ = {
			isa = XCConfigurationList;
			buildConfigurations = (
				47F39B511A8E0D7C0011E2CB /* Debug */,
				47F39B521A8E0D7C0011E2CB /* Release */,
			);
			defaultConfigurationIsVisible = 0;
			defaultConfigurationName = Release;
		};
		47F39B531A8E0D7C0011E2CB /* Build configuration list for PBXNativeTarget "TestbedTests" */ = {
			isa = XCConfigurationList;
			buildConfigurations = (
				47F39B541A8E0D7C0011E2CB /* Debug */,
				47F39B551A8E0D7C0011E2CB /* Release */,
			);
			defaultConfigurationIsVisible = 0;
			defaultConfigurationName = Release;
		};
/* End XCConfigurationList section */
	};
	rootObject = 47F39B0B1A8E0D500011E2CB /* Project object */;
}
